// !$*UTF8*$!
{
	archiveVersion = 1;
	classes = {
	};
	objectVersion = 50;
	objects = {

/* Begin PBXBuildFile section */
		5C4E9B7966637B9C86AD02E5 /* Pods_SwiftOCR_SwiftOCRUITests.framework in Frameworks */ = {isa = PBXBuildFile; fileRef = 924F44E99001370612EBEA54 /* Pods_SwiftOCR_SwiftOCRUITests.framework */; };
		6CF672DED8032751F7FB489F /* Pods_SwiftOCR.framework in Frameworks */ = {isa = PBXBuildFile; fileRef = 59BBA67CCF13D8E3751E1C82 /* Pods_SwiftOCR.framework */; };
		96E729B2265B3D1400B34BB5 /* AppDelegate.swift in Sources */ = {isa = PBXBuildFile; fileRef = 96E729B1265B3D1400B34BB5 /* AppDelegate.swift */; };
		96E729B4265B3D1400B34BB5 /* SceneDelegate.swift in Sources */ = {isa = PBXBuildFile; fileRef = 96E729B3265B3D1400B34BB5 /* SceneDelegate.swift */; };
		96E729B6265B3D1400B34BB5 /* ViewController.swift in Sources */ = {isa = PBXBuildFile; fileRef = 96E729B5265B3D1400B34BB5 /* ViewController.swift */; };
		96E729B9265B3D1400B34BB5 /* Main.storyboard in Resources */ = {isa = PBXBuildFile; fileRef = 96E729B7265B3D1400B34BB5 /* Main.storyboard */; };
		96E729BC265B3D1400B34BB5 /* SwiftOCR.xcdatamodeld in Sources */ = {isa = PBXBuildFile; fileRef = 96E729BA265B3D1400B34BB5 /* SwiftOCR.xcdatamodeld */; };
		96E729BE265B3D1400B34BB5 /* Assets.xcassets in Resources */ = {isa = PBXBuildFile; fileRef = 96E729BD265B3D1400B34BB5 /* Assets.xcassets */; };
		96E729C1265B3D1400B34BB5 /* LaunchScreen.storyboard in Resources */ = {isa = PBXBuildFile; fileRef = 96E729BF265B3D1400B34BB5 /* LaunchScreen.storyboard */; };
		96E729CC265B3D1400B34BB5 /* SwiftOCRTests.swift in Sources */ = {isa = PBXBuildFile; fileRef = 96E729CB265B3D1400B34BB5 /* SwiftOCRTests.swift */; };
		96E729D7265B3D1500B34BB5 /* SwiftOCRUITests.swift in Sources */ = {isa = PBXBuildFile; fileRef = 96E729D6265B3D1500B34BB5 /* SwiftOCRUITests.swift */; };
		D2FFE5157FD19FDD1CDAFB52 /* Pods_SwiftOCRTests.framework in Frameworks */ = {isa = PBXBuildFile; fileRef = 9258908A62FF30B9E3067334 /* Pods_SwiftOCRTests.framework */; };
/* End PBXBuildFile section */

/* Begin PBXContainerItemProxy section */
		96E729C8265B3D1400B34BB5 /* PBXContainerItemProxy */ = {
			isa = PBXContainerItemProxy;
			containerPortal = 96E729A6265B3D1400B34BB5 /* Project object */;
			proxyType = 1;
			remoteGlobalIDString = 96E729AD265B3D1400B34BB5;
			remoteInfo = SwiftOCR;
		};
		96E729D3265B3D1500B34BB5 /* PBXContainerItemProxy */ = {
			isa = PBXContainerItemProxy;
			containerPortal = 96E729A6265B3D1400B34BB5 /* Project object */;
			proxyType = 1;
			remoteGlobalIDString = 96E729AD265B3D1400B34BB5;
			remoteInfo = SwiftOCR;
		};
/* End PBXContainerItemProxy section */

/* Begin PBXFileReference section */
		171A18595B689486EBB95A84 /* Pods-SwiftOCRTests.release.xcconfig */ = {isa = PBXFileReference; includeInIndex = 1; lastKnownFileType = text.xcconfig; name = "Pods-SwiftOCRTests.release.xcconfig"; path = "Target Support Files/Pods-SwiftOCRTests/Pods-SwiftOCRTests.release.xcconfig"; sourceTree = "<group>"; };
		3588305681B26DEE3A10ECB7 /* Pods-SwiftOCR.release.xcconfig */ = {isa = PBXFileReference; includeInIndex = 1; lastKnownFileType = text.xcconfig; name = "Pods-SwiftOCR.release.xcconfig"; path = "Target Support Files/Pods-SwiftOCR/Pods-SwiftOCR.release.xcconfig"; sourceTree = "<group>"; };
		4185194C522130EA2BAEC191 /* Pods-SwiftOCRTests.debug.xcconfig */ = {isa = PBXFileReference; includeInIndex = 1; lastKnownFileType = text.xcconfig; name = "Pods-SwiftOCRTests.debug.xcconfig"; path = "Target Support Files/Pods-SwiftOCRTests/Pods-SwiftOCRTests.debug.xcconfig"; sourceTree = "<group>"; };
		59BBA67CCF13D8E3751E1C82 /* Pods_SwiftOCR.framework */ = {isa = PBXFileReference; explicitFileType = wrapper.framework; includeInIndex = 0; path = Pods_SwiftOCR.framework; sourceTree = BUILT_PRODUCTS_DIR; };
		7FFCEECB586CE4A325C09993 /* Pods-SwiftOCR.debug.xcconfig */ = {isa = PBXFileReference; includeInIndex = 1; lastKnownFileType = text.xcconfig; name = "Pods-SwiftOCR.debug.xcconfig"; path = "Target Support Files/Pods-SwiftOCR/Pods-SwiftOCR.debug.xcconfig"; sourceTree = "<group>"; };
		924F44E99001370612EBEA54 /* Pods_SwiftOCR_SwiftOCRUITests.framework */ = {isa = PBXFileReference; explicitFileType = wrapper.framework; includeInIndex = 0; path = Pods_SwiftOCR_SwiftOCRUITests.framework; sourceTree = BUILT_PRODUCTS_DIR; };
		9258908A62FF30B9E3067334 /* Pods_SwiftOCRTests.framework */ = {isa = PBXFileReference; explicitFileType = wrapper.framework; includeInIndex = 0; path = Pods_SwiftOCRTests.framework; sourceTree = BUILT_PRODUCTS_DIR; };
		96E729AE265B3D1400B34BB5 /* SwiftOCR.app */ = {isa = PBXFileReference; explicitFileType = wrapper.application; includeInIndex = 0; path = SwiftOCR.app; sourceTree = BUILT_PRODUCTS_DIR; };
		96E729B1265B3D1400B34BB5 /* AppDelegate.swift */ = {isa = PBXFileReference; lastKnownFileType = sourcecode.swift; path = AppDelegate.swift; sourceTree = "<group>"; };
		96E729B3265B3D1400B34BB5 /* SceneDelegate.swift */ = {isa = PBXFileReference; lastKnownFileType = sourcecode.swift; path = SceneDelegate.swift; sourceTree = "<group>"; };
		96E729B5265B3D1400B34BB5 /* ViewController.swift */ = {isa = PBXFileReference; lastKnownFileType = sourcecode.swift; path = ViewController.swift; sourceTree = "<group>"; };
		96E729B8265B3D1400B34BB5 /* Base */ = {isa = PBXFileReference; lastKnownFileType = file.storyboard; name = Base; path = Base.lproj/Main.storyboard; sourceTree = "<group>"; };
		96E729BB265B3D1400B34BB5 /* SwiftOCR.xcdatamodel */ = {isa = PBXFileReference; lastKnownFileType = wrapper.xcdatamodel; path = SwiftOCR.xcdatamodel; sourceTree = "<group>"; };
		96E729BD265B3D1400B34BB5 /* Assets.xcassets */ = {isa = PBXFileReference; lastKnownFileType = folder.assetcatalog; path = Assets.xcassets; sourceTree = "<group>"; };
		96E729C0265B3D1400B34BB5 /* Base */ = {isa = PBXFileReference; lastKnownFileType = file.storyboard; name = Base; path = Base.lproj/LaunchScreen.storyboard; sourceTree = "<group>"; };
		96E729C2265B3D1400B34BB5 /* Info.plist */ = {isa = PBXFileReference; lastKnownFileType = text.plist.xml; path = Info.plist; sourceTree = "<group>"; };
		96E729C7265B3D1400B34BB5 /* SwiftOCRTests.xctest */ = {isa = PBXFileReference; explicitFileType = wrapper.cfbundle; includeInIndex = 0; path = SwiftOCRTests.xctest; sourceTree = BUILT_PRODUCTS_DIR; };
		96E729CB265B3D1400B34BB5 /* SwiftOCRTests.swift */ = {isa = PBXFileReference; lastKnownFileType = sourcecode.swift; path = SwiftOCRTests.swift; sourceTree = "<group>"; };
		96E729CD265B3D1500B34BB5 /* Info.plist */ = {isa = PBXFileReference; lastKnownFileType = text.plist.xml; path = Info.plist; sourceTree = "<group>"; };
		96E729D2265B3D1500B34BB5 /* SwiftOCRUITests.xctest */ = {isa = PBXFileReference; explicitFileType = wrapper.cfbundle; includeInIndex = 0; path = SwiftOCRUITests.xctest; sourceTree = BUILT_PRODUCTS_DIR; };
		96E729D6265B3D1500B34BB5 /* SwiftOCRUITests.swift */ = {isa = PBXFileReference; lastKnownFileType = sourcecode.swift; path = SwiftOCRUITests.swift; sourceTree = "<group>"; };
		96E729D8265B3D1500B34BB5 /* Info.plist */ = {isa = PBXFileReference; lastKnownFileType = text.plist.xml; path = Info.plist; sourceTree = "<group>"; };
		DEBF3E2873FFF669462EF1DC /* Pods-SwiftOCR-SwiftOCRUITests.debug.xcconfig */ = {isa = PBXFileReference; includeInIndex = 1; lastKnownFileType = text.xcconfig; name = "Pods-SwiftOCR-SwiftOCRUITests.debug.xcconfig"; path = "Target Support Files/Pods-SwiftOCR-SwiftOCRUITests/Pods-SwiftOCR-SwiftOCRUITests.debug.xcconfig"; sourceTree = "<group>"; };
		F4340DA60E1BE684DB114EA1 /* Pods-SwiftOCR-SwiftOCRUITests.release.xcconfig */ = {isa = PBXFileReference; includeInIndex = 1; lastKnownFileType = text.xcconfig; name = "Pods-SwiftOCR-SwiftOCRUITests.release.xcconfig"; path = "Target Support Files/Pods-SwiftOCR-SwiftOCRUITests/Pods-SwiftOCR-SwiftOCRUITests.release.xcconfig"; sourceTree = "<group>"; };
/* End PBXFileReference section */

/* Begin PBXFrameworksBuildPhase section */
		96E729AB265B3D1400B34BB5 /* Frameworks */ = {
			isa = PBXFrameworksBuildPhase;
			buildActionMask = 2147483647;
			files = (
				6CF672DED8032751F7FB489F /* Pods_SwiftOCR.framework in Frameworks */,
			);
			runOnlyForDeploymentPostprocessing = 0;
		};
		96E729C4265B3D1400B34BB5 /* Frameworks */ = {
			isa = PBXFrameworksBuildPhase;
			buildActionMask = 2147483647;
			files = (
				D2FFE5157FD19FDD1CDAFB52 /* Pods_SwiftOCRTests.framework in Frameworks */,
			);
			runOnlyForDeploymentPostprocessing = 0;
		};
		96E729CF265B3D1500B34BB5 /* Frameworks */ = {
			isa = PBXFrameworksBuildPhase;
			buildActionMask = 2147483647;
			files = (
				5C4E9B7966637B9C86AD02E5 /* Pods_SwiftOCR_SwiftOCRUITests.framework in Frameworks */,
			);
			runOnlyForDeploymentPostprocessing = 0;
		};
/* End PBXFrameworksBuildPhase section */

/* Begin PBXGroup section */
		527435181A9E7B385CAC907D /* Pods */ = {
			isa = PBXGroup;
			children = (
				7FFCEECB586CE4A325C09993 /* Pods-SwiftOCR.debug.xcconfig */,
				3588305681B26DEE3A10ECB7 /* Pods-SwiftOCR.release.xcconfig */,
				DEBF3E2873FFF669462EF1DC /* Pods-SwiftOCR-SwiftOCRUITests.debug.xcconfig */,
				F4340DA60E1BE684DB114EA1 /* Pods-SwiftOCR-SwiftOCRUITests.release.xcconfig */,
				4185194C522130EA2BAEC191 /* Pods-SwiftOCRTests.debug.xcconfig */,
				171A18595B689486EBB95A84 /* Pods-SwiftOCRTests.release.xcconfig */,
			);
			name = Pods;
			path = Pods;
			sourceTree = "<group>";
		};
		64ABBCCC7D49D13C28C42FDF /* Frameworks */ = {
			isa = PBXGroup;
			children = (
				59BBA67CCF13D8E3751E1C82 /* Pods_SwiftOCR.framework */,
				924F44E99001370612EBEA54 /* Pods_SwiftOCR_SwiftOCRUITests.framework */,
				9258908A62FF30B9E3067334 /* Pods_SwiftOCRTests.framework */,
			);
			name = Frameworks;
			sourceTree = "<group>";
		};
		96E729A5265B3D1400B34BB5 = {
			isa = PBXGroup;
			children = (
				96E729B0265B3D1400B34BB5 /* SwiftOCR */,
				96E729CA265B3D1400B34BB5 /* SwiftOCRTests */,
				96E729D5265B3D1500B34BB5 /* SwiftOCRUITests */,
				96E729AF265B3D1400B34BB5 /* Products */,
				527435181A9E7B385CAC907D /* Pods */,
				64ABBCCC7D49D13C28C42FDF /* Frameworks */,
			);
			sourceTree = "<group>";
		};
		96E729AF265B3D1400B34BB5 /* Products */ = {
			isa = PBXGroup;
			children = (
				96E729AE265B3D1400B34BB5 /* SwiftOCR.app */,
				96E729C7265B3D1400B34BB5 /* SwiftOCRTests.xctest */,
				96E729D2265B3D1500B34BB5 /* SwiftOCRUITests.xctest */,
			);
			name = Products;
			sourceTree = "<group>";
		};
		96E729B0265B3D1400B34BB5 /* SwiftOCR */ = {
			isa = PBXGroup;
			children = (
				96E729B1265B3D1400B34BB5 /* AppDelegate.swift */,
				96E729B3265B3D1400B34BB5 /* SceneDelegate.swift */,
				96E729B5265B3D1400B34BB5 /* ViewController.swift */,
				96E729B7265B3D1400B34BB5 /* Main.storyboard */,
				96E729BD265B3D1400B34BB5 /* Assets.xcassets */,
				96E729BF265B3D1400B34BB5 /* LaunchScreen.storyboard */,
				96E729C2265B3D1400B34BB5 /* Info.plist */,
				96E729BA265B3D1400B34BB5 /* SwiftOCR.xcdatamodeld */,
			);
			path = SwiftOCR;
			sourceTree = "<group>";
		};
		96E729CA265B3D1400B34BB5 /* SwiftOCRTests */ = {
			isa = PBXGroup;
			children = (
				96E729CB265B3D1400B34BB5 /* SwiftOCRTests.swift */,
				96E729CD265B3D1500B34BB5 /* Info.plist */,
			);
			path = SwiftOCRTests;
			sourceTree = "<group>";
		};
		96E729D5265B3D1500B34BB5 /* SwiftOCRUITests */ = {
			isa = PBXGroup;
			children = (
				96E729D6265B3D1500B34BB5 /* SwiftOCRUITests.swift */,
				96E729D8265B3D1500B34BB5 /* Info.plist */,
			);
			path = SwiftOCRUITests;
			sourceTree = "<group>";
		};
/* End PBXGroup section */

/* Begin PBXNativeTarget section */
		96E729AD265B3D1400B34BB5 /* SwiftOCR */ = {
			isa = PBXNativeTarget;
			buildConfigurationList = 96E729DB265B3D1500B34BB5 /* Build configuration list for PBXNativeTarget "SwiftOCR" */;
			buildPhases = (
				C142478B62C21472E686ADD0 /* [CP] Check Pods Manifest.lock */,
				96E729AA265B3D1400B34BB5 /* Sources */,
				96E729AB265B3D1400B34BB5 /* Frameworks */,
				96E729AC265B3D1400B34BB5 /* Resources */,
			);
			buildRules = (
			);
			dependencies = (
			);
			name = SwiftOCR;
			productName = SwiftOCR;
			productReference = 96E729AE265B3D1400B34BB5 /* SwiftOCR.app */;
			productType = "com.apple.product-type.application";
		};
		96E729C6265B3D1400B34BB5 /* SwiftOCRTests */ = {
			isa = PBXNativeTarget;
			buildConfigurationList = 96E729DE265B3D1500B34BB5 /* Build configuration list for PBXNativeTarget "SwiftOCRTests" */;
			buildPhases = (
				300BE357587801FFC3748D8F /* [CP] Check Pods Manifest.lock */,
				96E729C3265B3D1400B34BB5 /* Sources */,
				96E729C4265B3D1400B34BB5 /* Frameworks */,
				96E729C5265B3D1400B34BB5 /* Resources */,
			);
			buildRules = (
			);
			dependencies = (
				96E729C9265B3D1400B34BB5 /* PBXTargetDependency */,
			);
			name = SwiftOCRTests;
			productName = SwiftOCRTests;
			productReference = 96E729C7265B3D1400B34BB5 /* SwiftOCRTests.xctest */;
			productType = "com.apple.product-type.bundle.unit-test";
		};
		96E729D1265B3D1500B34BB5 /* SwiftOCRUITests */ = {
			isa = PBXNativeTarget;
			buildConfigurationList = 96E729E1265B3D1500B34BB5 /* Build configuration list for PBXNativeTarget "SwiftOCRUITests" */;
			buildPhases = (
				5570A5D13D97C08725C13A36 /* [CP] Check Pods Manifest.lock */,
				96E729CE265B3D1500B34BB5 /* Sources */,
				96E729CF265B3D1500B34BB5 /* Frameworks */,
				96E729D0265B3D1500B34BB5 /* Resources */,
			);
			buildRules = (
			);
			dependencies = (
				96E729D4265B3D1500B34BB5 /* PBXTargetDependency */,
			);
			name = SwiftOCRUITests;
			productName = SwiftOCRUITests;
			productReference = 96E729D2265B3D1500B34BB5 /* SwiftOCRUITests.xctest */;
			productType = "com.apple.product-type.bundle.ui-testing";
		};
/* End PBXNativeTarget section */

/* Begin PBXProject section */
		96E729A6265B3D1400B34BB5 /* Project object */ = {
			isa = PBXProject;
			attributes = {
				LastSwiftUpdateCheck = 1250;
				LastUpgradeCheck = 1250;
				TargetAttributes = {
					96E729AD265B3D1400B34BB5 = {
						CreatedOnToolsVersion = 12.5;
					};
					96E729C6265B3D1400B34BB5 = {
						CreatedOnToolsVersion = 12.5;
						TestTargetID = 96E729AD265B3D1400B34BB5;
					};
					96E729D1265B3D1500B34BB5 = {
						CreatedOnToolsVersion = 12.5;
						TestTargetID = 96E729AD265B3D1400B34BB5;
					};
				};
			};
			buildConfigurationList = 96E729A9265B3D1400B34BB5 /* Build configuration list for PBXProject "SwiftOCR" */;
			compatibilityVersion = "Xcode 9.3";
			developmentRegion = en;
			hasScannedForEncodings = 0;
			knownRegions = (
				en,
				Base,
			);
			mainGroup = 96E729A5265B3D1400B34BB5;
			productRefGroup = 96E729AF265B3D1400B34BB5 /* Products */;
			projectDirPath = "";
			projectRoot = "";
			targets = (
				96E729AD265B3D1400B34BB5 /* SwiftOCR */,
				96E729C6265B3D1400B34BB5 /* SwiftOCRTests */,
				96E729D1265B3D1500B34BB5 /* SwiftOCRUITests */,
			);
		};
/* End PBXProject section */

/* Begin PBXResourcesBuildPhase section */
		96E729AC265B3D1400B34BB5 /* Resources */ = {
			isa = PBXResourcesBuildPhase;
			buildActionMask = 2147483647;
			files = (
				96E729C1265B3D1400B34BB5 /* LaunchScreen.storyboard in Resources */,
				96E729BE265B3D1400B34BB5 /* Assets.xcassets in Resources */,
				96E729B9265B3D1400B34BB5 /* Main.storyboard in Resources */,
			);
			runOnlyForDeploymentPostprocessing = 0;
		};
		96E729C5265B3D1400B34BB5 /* Resources */ = {
			isa = PBXResourcesBuildPhase;
			buildActionMask = 2147483647;
			files = (
			);
			runOnlyForDeploymentPostprocessing = 0;
		};
		96E729D0265B3D1500B34BB5 /* Resources */ = {
			isa = PBXResourcesBuildPhase;
			buildActionMask = 2147483647;
			files = (
			);
			runOnlyForDeploymentPostprocessing = 0;
		};
/* End PBXResourcesBuildPhase section */

/* Begin PBXShellScriptBuildPhase section */
		300BE357587801FFC3748D8F /* [CP] Check Pods Manifest.lock */ = {
			isa = PBXShellScriptBuildPhase;
			buildActionMask = 2147483647;
			files = (
			);
			inputFileListPaths = (
			);
			inputPaths = (
				"${PODS_PODFILE_DIR_PATH}/Podfile.lock",
				"${PODS_ROOT}/Manifest.lock",
			);
			name = "[CP] Check Pods Manifest.lock";
			outputFileListPaths = (
			);
			outputPaths = (
				"$(DERIVED_FILE_DIR)/Pods-SwiftOCRTests-checkManifestLockResult.txt",
			);
			runOnlyForDeploymentPostprocessing = 0;
			shellPath = /bin/sh;
			shellScript = "diff \"${PODS_PODFILE_DIR_PATH}/Podfile.lock\" \"${PODS_ROOT}/Manifest.lock\" > /dev/null\nif [ $? != 0 ] ; then\n    # print error to STDERR\n    echo \"error: The sandbox is not in sync with the Podfile.lock. Run 'pod install' or update your CocoaPods installation.\" >&2\n    exit 1\nfi\n# This output is used by Xcode 'outputs' to avoid re-running this script phase.\necho \"SUCCESS\" > \"${SCRIPT_OUTPUT_FILE_0}\"\n";
			showEnvVarsInLog = 0;
		};
		5570A5D13D97C08725C13A36 /* [CP] Check Pods Manifest.lock */ = {
			isa = PBXShellScriptBuildPhase;
			buildActionMask = 2147483647;
			files = (
			);
			inputFileListPaths = (
			);
			inputPaths = (
				"${PODS_PODFILE_DIR_PATH}/Podfile.lock",
				"${PODS_ROOT}/Manifest.lock",
			);
			name = "[CP] Check Pods Manifest.lock";
			outputFileListPaths = (
			);
			outputPaths = (
				"$(DERIVED_FILE_DIR)/Pods-SwiftOCR-SwiftOCRUITests-checkManifestLockResult.txt",
			);
			runOnlyForDeploymentPostprocessing = 0;
			shellPath = /bin/sh;
			shellScript = "diff \"${PODS_PODFILE_DIR_PATH}/Podfile.lock\" \"${PODS_ROOT}/Manifest.lock\" > /dev/null\nif [ $? != 0 ] ; then\n    # print error to STDERR\n    echo \"error: The sandbox is not in sync with the Podfile.lock. Run 'pod install' or update your CocoaPods installation.\" >&2\n    exit 1\nfi\n# This output is used by Xcode 'outputs' to avoid re-running this script phase.\necho \"SUCCESS\" > \"${SCRIPT_OUTPUT_FILE_0}\"\n";
			showEnvVarsInLog = 0;
		};
		C142478B62C21472E686ADD0 /* [CP] Check Pods Manifest.lock */ = {
			isa = PBXShellScriptBuildPhase;
			buildActionMask = 2147483647;
			files = (
			);
			inputFileListPaths = (
			);
			inputPaths = (
				"${PODS_PODFILE_DIR_PATH}/Podfile.lock",
				"${PODS_ROOT}/Manifest.lock",
			);
			name = "[CP] Check Pods Manifest.lock";
			outputFileListPaths = (
			);
			outputPaths = (
				"$(DERIVED_FILE_DIR)/Pods-SwiftOCR-checkManifestLockResult.txt",
			);
			runOnlyForDeploymentPostprocessing = 0;
			shellPath = /bin/sh;
			shellScript = "diff \"${PODS_PODFILE_DIR_PATH}/Podfile.lock\" \"${PODS_ROOT}/Manifest.lock\" > /dev/null\nif [ $? != 0 ] ; then\n    # print error to STDERR\n    echo \"error: The sandbox is not in sync with the Podfile.lock. Run 'pod install' or update your CocoaPods installation.\" >&2\n    exit 1\nfi\n# This output is used by Xcode 'outputs' to avoid re-running this script phase.\necho \"SUCCESS\" > \"${SCRIPT_OUTPUT_FILE_0}\"\n";
			showEnvVarsInLog = 0;
		};
/* End PBXShellScriptBuildPhase section */

/* Begin PBXSourcesBuildPhase section */
		96E729AA265B3D1400B34BB5 /* Sources */ = {
			isa = PBXSourcesBuildPhase;
			buildActionMask = 2147483647;
			files = (
				96E729B6265B3D1400B34BB5 /* ViewController.swift in Sources */,
				96E729B2265B3D1400B34BB5 /* AppDelegate.swift in Sources */,
				96E729BC265B3D1400B34BB5 /* SwiftOCR.xcdatamodeld in Sources */,
				96E729B4265B3D1400B34BB5 /* SceneDelegate.swift in Sources */,
			);
			runOnlyForDeploymentPostprocessing = 0;
		};
		96E729C3265B3D1400B34BB5 /* Sources */ = {
			isa = PBXSourcesBuildPhase;
			buildActionMask = 2147483647;
			files = (
				96E729CC265B3D1400B34BB5 /* SwiftOCRTests.swift in Sources */,
			);
			runOnlyForDeploymentPostprocessing = 0;
		};
		96E729CE265B3D1500B34BB5 /* Sources */ = {
			isa = PBXSourcesBuildPhase;
			buildActionMask = 2147483647;
			files = (
				96E729D7265B3D1500B34BB5 /* SwiftOCRUITests.swift in Sources */,
			);
			runOnlyForDeploymentPostprocessing = 0;
		};
/* End PBXSourcesBuildPhase section */

/* Begin PBXTargetDependency section */
		96E729C9265B3D1400B34BB5 /* PBXTargetDependency */ = {
			isa = PBXTargetDependency;
			target = 96E729AD265B3D1400B34BB5 /* SwiftOCR */;
			targetProxy = 96E729C8265B3D1400B34BB5 /* PBXContainerItemProxy */;
		};
		96E729D4265B3D1500B34BB5 /* PBXTargetDependency */ = {
			isa = PBXTargetDependency;
			target = 96E729AD265B3D1400B34BB5 /* SwiftOCR */;
			targetProxy = 96E729D3265B3D1500B34BB5 /* PBXContainerItemProxy */;
		};
/* End PBXTargetDependency section */

/* Begin PBXVariantGroup section */
		96E729B7265B3D1400B34BB5 /* Main.storyboard */ = {
			isa = PBXVariantGroup;
			children = (
				96E729B8265B3D1400B34BB5 /* Base */,
			);
			name = Main.storyboard;
			sourceTree = "<group>";
		};
		96E729BF265B3D1400B34BB5 /* LaunchScreen.storyboard */ = {
			isa = PBXVariantGroup;
			children = (
				96E729C0265B3D1400B34BB5 /* Base */,
			);
			name = LaunchScreen.storyboard;
			sourceTree = "<group>";
		};
/* End PBXVariantGroup section */

/* Begin XCBuildConfiguration section */
		96E729D9265B3D1500B34BB5 /* Debug */ = {
			isa = XCBuildConfiguration;
			buildSettings = {
				ALWAYS_SEARCH_USER_PATHS = NO;
				CLANG_ANALYZER_NONNULL = YES;
				CLANG_ANALYZER_NUMBER_OBJECT_CONVERSION = YES_AGGRESSIVE;
				CLANG_CXX_LANGUAGE_STANDARD = "gnu++14";
				CLANG_CXX_LIBRARY = "libc++";
				CLANG_ENABLE_MODULES = YES;
				CLANG_ENABLE_OBJC_ARC = YES;
				CLANG_ENABLE_OBJC_WEAK = YES;
				CLANG_WARN_BLOCK_CAPTURE_AUTORELEASING = YES;
				CLANG_WARN_BOOL_CONVERSION = YES;
				CLANG_WARN_COMMA = YES;
				CLANG_WARN_CONSTANT_CONVERSION = YES;
				CLANG_WARN_DEPRECATED_OBJC_IMPLEMENTATIONS = YES;
				CLANG_WARN_DIRECT_OBJC_ISA_USAGE = YES_ERROR;
				CLANG_WARN_DOCUMENTATION_COMMENTS = YES;
				CLANG_WARN_EMPTY_BODY = YES;
				CLANG_WARN_ENUM_CONVERSION = YES;
				CLANG_WARN_INFINITE_RECURSION = YES;
				CLANG_WARN_INT_CONVERSION = YES;
				CLANG_WARN_NON_LITERAL_NULL_CONVERSION = YES;
				CLANG_WARN_OBJC_IMPLICIT_RETAIN_SELF = YES;
				CLANG_WARN_OBJC_LITERAL_CONVERSION = YES;
				CLANG_WARN_OBJC_ROOT_CLASS = YES_ERROR;
				CLANG_WARN_QUOTED_INCLUDE_IN_FRAMEWORK_HEADER = YES;
				CLANG_WARN_RANGE_LOOP_ANALYSIS = YES;
				CLANG_WARN_STRICT_PROTOTYPES = YES;
				CLANG_WARN_SUSPICIOUS_MOVE = YES;
				CLANG_WARN_UNGUARDED_AVAILABILITY = YES_AGGRESSIVE;
				CLANG_WARN_UNREACHABLE_CODE = YES;
				CLANG_WARN__DUPLICATE_METHOD_MATCH = YES;
				COPY_PHASE_STRIP = NO;
				DEBUG_INFORMATION_FORMAT = dwarf;
				ENABLE_STRICT_OBJC_MSGSEND = YES;
				ENABLE_TESTABILITY = YES;
				GCC_C_LANGUAGE_STANDARD = gnu11;
				GCC_DYNAMIC_NO_PIC = NO;
				GCC_NO_COMMON_BLOCKS = YES;
				GCC_OPTIMIZATION_LEVEL = 0;
				GCC_PREPROCESSOR_DEFINITIONS = (
					"DEBUG=1",
					"$(inherited)",
				);
				GCC_WARN_64_TO_32_BIT_CONVERSION = YES;
				GCC_WARN_ABOUT_RETURN_TYPE = YES_ERROR;
				GCC_WARN_UNDECLARED_SELECTOR = YES;
				GCC_WARN_UNINITIALIZED_AUTOS = YES_AGGRESSIVE;
				GCC_WARN_UNUSED_FUNCTION = YES;
				GCC_WARN_UNUSED_VARIABLE = YES;
				IPHONEOS_DEPLOYMENT_TARGET = 13.6;
				MTL_ENABLE_DEBUG_INFO = INCLUDE_SOURCE;
				MTL_FAST_MATH = YES;
				ONLY_ACTIVE_ARCH = YES;
				SDKROOT = iphoneos;
				SWIFT_ACTIVE_COMPILATION_CONDITIONS = DEBUG;
				SWIFT_OPTIMIZATION_LEVEL = "-Onone";
				TARGETED_DEVICE_FAMILY = 2;
			};
			name = Debug;
		};
		96E729DA265B3D1500B34BB5 /* Release */ = {
			isa = XCBuildConfiguration;
			buildSettings = {
				ALWAYS_SEARCH_USER_PATHS = NO;
				CLANG_ANALYZER_NONNULL = YES;
				CLANG_ANALYZER_NUMBER_OBJECT_CONVERSION = YES_AGGRESSIVE;
				CLANG_CXX_LANGUAGE_STANDARD = "gnu++14";
				CLANG_CXX_LIBRARY = "libc++";
				CLANG_ENABLE_MODULES = YES;
				CLANG_ENABLE_OBJC_ARC = YES;
				CLANG_ENABLE_OBJC_WEAK = YES;
				CLANG_WARN_BLOCK_CAPTURE_AUTORELEASING = YES;
				CLANG_WARN_BOOL_CONVERSION = YES;
				CLANG_WARN_COMMA = YES;
				CLANG_WARN_CONSTANT_CONVERSION = YES;
				CLANG_WARN_DEPRECATED_OBJC_IMPLEMENTATIONS = YES;
				CLANG_WARN_DIRECT_OBJC_ISA_USAGE = YES_ERROR;
				CLANG_WARN_DOCUMENTATION_COMMENTS = YES;
				CLANG_WARN_EMPTY_BODY = YES;
				CLANG_WARN_ENUM_CONVERSION = YES;
				CLANG_WARN_INFINITE_RECURSION = YES;
				CLANG_WARN_INT_CONVERSION = YES;
				CLANG_WARN_NON_LITERAL_NULL_CONVERSION = YES;
				CLANG_WARN_OBJC_IMPLICIT_RETAIN_SELF = YES;
				CLANG_WARN_OBJC_LITERAL_CONVERSION = YES;
				CLANG_WARN_OBJC_ROOT_CLASS = YES_ERROR;
				CLANG_WARN_QUOTED_INCLUDE_IN_FRAMEWORK_HEADER = YES;
				CLANG_WARN_RANGE_LOOP_ANALYSIS = YES;
				CLANG_WARN_STRICT_PROTOTYPES = YES;
				CLANG_WARN_SUSPICIOUS_MOVE = YES;
				CLANG_WARN_UNGUARDED_AVAILABILITY = YES_AGGRESSIVE;
				CLANG_WARN_UNREACHABLE_CODE = YES;
				CLANG_WARN__DUPLICATE_METHOD_MATCH = YES;
				COPY_PHASE_STRIP = NO;
				DEBUG_INFORMATION_FORMAT = "dwarf-with-dsym";
				ENABLE_NS_ASSERTIONS = NO;
				ENABLE_STRICT_OBJC_MSGSEND = YES;
				GCC_C_LANGUAGE_STANDARD = gnu11;
				GCC_NO_COMMON_BLOCKS = YES;
				GCC_WARN_64_TO_32_BIT_CONVERSION = YES;
				GCC_WARN_ABOUT_RETURN_TYPE = YES_ERROR;
				GCC_WARN_UNDECLARED_SELECTOR = YES;
				GCC_WARN_UNINITIALIZED_AUTOS = YES_AGGRESSIVE;
				GCC_WARN_UNUSED_FUNCTION = YES;
				GCC_WARN_UNUSED_VARIABLE = YES;
				IPHONEOS_DEPLOYMENT_TARGET = 13.6;
				MTL_ENABLE_DEBUG_INFO = NO;
				MTL_FAST_MATH = YES;
				SDKROOT = iphoneos;
				SWIFT_COMPILATION_MODE = wholemodule;
				SWIFT_OPTIMIZATION_LEVEL = "-O";
				TARGETED_DEVICE_FAMILY = 2;
				VALIDATE_PRODUCT = YES;
			};
			name = Release;
		};
		96E729DC265B3D1500B34BB5 /* Debug */ = {
			isa = XCBuildConfiguration;
			baseConfigurationReference = 7FFCEECB586CE4A325C09993 /* Pods-SwiftOCR.debug.xcconfig */;
			buildSettings = {
				ASSETCATALOG_COMPILER_APPICON_NAME = AppIcon;
				ASSETCATALOG_COMPILER_GLOBAL_ACCENT_COLOR_NAME = AccentColor;
				CODE_SIGN_STYLE = Automatic;
				DEVELOPMENT_TEAM = JUMUU537CP;
				INFOPLIST_FILE = SwiftOCR/Info.plist;
				IPHONEOS_DEPLOYMENT_TARGET = 13.6;
				LD_RUNPATH_SEARCH_PATHS = (
					"$(inherited)",
					"@executable_path/Frameworks",
				);
				PRODUCT_BUNDLE_IDENTIFIER = jaesung.park.SwiftOCR;
				PRODUCT_NAME = "$(TARGET_NAME)";
				SWIFT_VERSION = 5.0;
				TARGETED_DEVICE_FAMILY = 2;
			};
			name = Debug;
		};
		96E729DD265B3D1500B34BB5 /* Release */ = {
			isa = XCBuildConfiguration;
			baseConfigurationReference = 3588305681B26DEE3A10ECB7 /* Pods-SwiftOCR.release.xcconfig */;
			buildSettings = {
				ASSETCATALOG_COMPILER_APPICON_NAME = AppIcon;
				ASSETCATALOG_COMPILER_GLOBAL_ACCENT_COLOR_NAME = AccentColor;
				CODE_SIGN_STYLE = Automatic;
				DEVELOPMENT_TEAM = JUMUU537CP;
				INFOPLIST_FILE = SwiftOCR/Info.plist;
				IPHONEOS_DEPLOYMENT_TARGET = 13.6;
				LD_RUNPATH_SEARCH_PATHS = (
					"$(inherited)",
					"@executable_path/Frameworks",
				);
				PRODUCT_BUNDLE_IDENTIFIER = jaesung.park.SwiftOCR;
				PRODUCT_NAME = "$(TARGET_NAME)";
				SWIFT_VERSION = 5.0;
				TARGETED_DEVICE_FAMILY = 2;
			};
			name = Release;
		};
		96E729DF265B3D1500B34BB5 /* Debug */ = {
			isa = XCBuildConfiguration;
			baseConfigurationReference = 4185194C522130EA2BAEC191 /* Pods-SwiftOCRTests.debug.xcconfig */;
			buildSettings = {
				ALWAYS_EMBED_SWIFT_STANDARD_LIBRARIES = YES;
				BUNDLE_LOADER = "$(TEST_HOST)";
				CODE_SIGN_STYLE = Automatic;
				DEVELOPMENT_TEAM = JUMUU537CP;
				INFOPLIST_FILE = SwiftOCRTests/Info.plist;
				IPHONEOS_DEPLOYMENT_TARGET = 13.6;
				LD_RUNPATH_SEARCH_PATHS = (
					"$(inherited)",
					"@executable_path/Frameworks",
					"@loader_path/Frameworks",
				);
				PRODUCT_BUNDLE_IDENTIFIER = jaesung.park.SwiftOCRTests;
				PRODUCT_NAME = "$(TARGET_NAME)";
				SWIFT_VERSION = 5.0;
				TARGETED_DEVICE_FAMILY = 2;
				TEST_HOST = "$(BUILT_PRODUCTS_DIR)/SwiftOCR.app/SwiftOCR";
			};
			name = Debug;
		};
		96E729E0265B3D1500B34BB5 /* Release */ = {
			isa = XCBuildConfiguration;
			baseConfigurationReference = 171A18595B689486EBB95A84 /* Pods-SwiftOCRTests.release.xcconfig */;
			buildSettings = {
				ALWAYS_EMBED_SWIFT_STANDARD_LIBRARIES = YES;
				BUNDLE_LOADER = "$(TEST_HOST)";
				CODE_SIGN_STYLE = Automatic;
				DEVELOPMENT_TEAM = JUMUU537CP;
				INFOPLIST_FILE = SwiftOCRTests/Info.plist;
				IPHONEOS_DEPLOYMENT_TARGET = 13.6;
				LD_RUNPATH_SEARCH_PATHS = (
					"$(inherited)",
					"@executable_path/Frameworks",
					"@loader_path/Frameworks",
				);
				PRODUCT_BUNDLE_IDENTIFIER = jaesung.park.SwiftOCRTests;
				PRODUCT_NAME = "$(TARGET_NAME)";
				SWIFT_VERSION = 5.0;
				TARGETED_DEVICE_FAMILY = 2;
				TEST_HOST = "$(BUILT_PRODUCTS_DIR)/SwiftOCR.app/SwiftOCR";
			};
			name = Release;
		};
		96E729E2265B3D1500B34BB5 /* Debug */ = {
			isa = XCBuildConfiguration;
			baseConfigurationReference = DEBF3E2873FFF669462EF1DC /* Pods-SwiftOCR-SwiftOCRUITests.debug.xcconfig */;
			buildSettings = {
				ALWAYS_EMBED_SWIFT_STANDARD_LIBRARIES = YES;
				CODE_SIGN_STYLE = Automatic;
				DEVELOPMENT_TEAM = JUMUU537CP;
				INFOPLIST_FILE = SwiftOCRUITests/Info.plist;
				LD_RUNPATH_SEARCH_PATHS = (
					"$(inherited)",
					"@executable_path/Frameworks",
					"@loader_path/Frameworks",
				);
				PRODUCT_BUNDLE_IDENTIFIER = jaesung.park.SwiftOCRUITests;
				PRODUCT_NAME = "$(TARGET_NAME)";
				SWIFT_VERSION = 5.0;
				TARGETED_DEVICE_FAMILY = 2;
				TEST_TARGET_NAME = SwiftOCR;
			};
			name = Debug;
		};
		96E729E3265B3D1500B34BB5 /* Release */ = {
			isa = XCBuildConfiguration;
			baseConfigurationReference = F4340DA60E1BE684DB114EA1 /* Pods-SwiftOCR-SwiftOCRUITests.release.xcconfig */;
			buildSettings = {
				ALWAYS_EMBED_SWIFT_STANDARD_LIBRARIES = YES;
				CODE_SIGN_STYLE = Automatic;
				DEVELOPMENT_TEAM = JUMUU537CP;
				INFOPLIST_FILE = SwiftOCRUITests/Info.plist;
				LD_RUNPATH_SEARCH_PATHS = (
					"$(inherited)",
					"@executable_path/Frameworks",
					"@loader_path/Frameworks",
				);
				PRODUCT_BUNDLE_IDENTIFIER = jaesung.park.SwiftOCRUITests;
				PRODUCT_NAME = "$(TARGET_NAME)";
				SWIFT_VERSION = 5.0;
				TARGETED_DEVICE_FAMILY = 2;
				TEST_TARGET_NAME = SwiftOCR;
			};
			name = Release;
		};
/* End XCBuildConfiguration section */

/* Begin XCConfigurationList section */
		96E729A9265B3D1400B34BB5 /* Build configuration list for PBXProject "SwiftOCR" */ = {
			isa = XCConfigurationList;
			buildConfigurations = (
				96E729D9265B3D1500B34BB5 /* Debug */,
				96E729DA265B3D1500B34BB5 /* Release */,
			);
			defaultConfigurationIsVisible = 0;
			defaultConfigurationName = Release;
		};
		96E729DB265B3D1500B34BB5 /* Build configuration list for PBXNativeTarget "SwiftOCR" */ = {
			isa = XCConfigurationList;
			buildConfigurations = (
				96E729DC265B3D1500B34BB5 /* Debug */,
				96E729DD265B3D1500B34BB5 /* Release */,
			);
			defaultConfigurationIsVisible = 0;
			defaultConfigurationName = Release;
		};
		96E729DE265B3D1500B34BB5 /* Build configuration list for PBXNativeTarget "SwiftOCRTests" */ = {
			isa = XCConfigurationList;
			buildConfigurations = (
				96E729DF265B3D1500B34BB5 /* Debug */,
				96E729E0265B3D1500B34BB5 /* Release */,
			);
			defaultConfigurationIsVisible = 0;
			defaultConfigurationName = Release;
		};
		96E729E1265B3D1500B34BB5 /* Build configuration list for PBXNativeTarget "SwiftOCRUITests" */ = {
			isa = XCConfigurationList;
			buildConfigurations = (
				96E729E2265B3D1500B34BB5 /* Debug */,
				96E729E3265B3D1500B34BB5 /* Release */,
			);
			defaultConfigurationIsVisible = 0;
			defaultConfigurationName = Release;
		};
/* End XCConfigurationList section */

/* Begin XCVersionGroup section */
		96E729BA265B3D1400B34BB5 /* SwiftOCR.xcdatamodeld */ = {
			isa = XCVersionGroup;
			children = (
				96E729BB265B3D1400B34BB5 /* SwiftOCR.xcdatamodel */,
			);
			currentVersion = 96E729BB265B3D1400B34BB5 /* SwiftOCR.xcdatamodel */;
			path = SwiftOCR.xcdatamodeld;
			sourceTree = "<group>";
			versionGroupType = wrapper.xcdatamodel;
		};
/* End XCVersionGroup section */
	};
	rootObject = 96E729A6265B3D1400B34BB5 /* Project object */;
}
