// !$*UTF8*$!
{
	archiveVersion = 1;
	classes = {
	};
	objectVersion = 50;
	objects = {

/* Begin PBXBuildFile section */
		9654CA1E25F12D1300888B40 /* AppDelegate.swift in Sources */ = {isa = PBXBuildFile; fileRef = 9654CA1D25F12D1300888B40 /* AppDelegate.swift */; };
		9654CA2025F12D1300888B40 /* SceneDelegate.swift in Sources */ = {isa = PBXBuildFile; fileRef = 9654CA1F25F12D1300888B40 /* SceneDelegate.swift */; };
		9654CA2225F12D1300888B40 /* ViewController.swift in Sources */ = {isa = PBXBuildFile; fileRef = 9654CA2125F12D1300888B40 /* ViewController.swift */; };
		9654CA2525F12D1300888B40 /* Main.storyboard in Resources */ = {isa = PBXBuildFile; fileRef = 9654CA2325F12D1300888B40 /* Main.storyboard */; };
		9654CA2825F12D1300888B40 /* LocalizingTest.xcdatamodeld in Sources */ = {isa = PBXBuildFile; fileRef = 9654CA2625F12D1300888B40 /* LocalizingTest.xcdatamodeld */; };
		9654CA2A25F12D1500888B40 /* Assets.xcassets in Resources */ = {isa = PBXBuildFile; fileRef = 9654CA2925F12D1500888B40 /* Assets.xcassets */; };
		9654CA2D25F12D1500888B40 /* LaunchScreen.storyboard in Resources */ = {isa = PBXBuildFile; fileRef = 9654CA2B25F12D1500888B40 /* LaunchScreen.storyboard */; };
		9654CA3B25F12DE800888B40 /* Localizable.strings in Resources */ = {isa = PBXBuildFile; fileRef = 9654CA3D25F12DE800888B40 /* Localizable.strings */; };
/* End PBXBuildFile section */

/* Begin PBXFileReference section */
		9654CA1A25F12D1300888B40 /* LocalizingTest.app */ = {isa = PBXFileReference; explicitFileType = wrapper.application; includeInIndex = 0; path = LocalizingTest.app; sourceTree = BUILT_PRODUCTS_DIR; };
		9654CA1D25F12D1300888B40 /* AppDelegate.swift */ = {isa = PBXFileReference; lastKnownFileType = sourcecode.swift; path = AppDelegate.swift; sourceTree = "<group>"; };
		9654CA1F25F12D1300888B40 /* SceneDelegate.swift */ = {isa = PBXFileReference; lastKnownFileType = sourcecode.swift; path = SceneDelegate.swift; sourceTree = "<group>"; };
		9654CA2125F12D1300888B40 /* ViewController.swift */ = {isa = PBXFileReference; lastKnownFileType = sourcecode.swift; path = ViewController.swift; sourceTree = "<group>"; };
		9654CA2425F12D1300888B40 /* Base */ = {isa = PBXFileReference; lastKnownFileType = file.storyboard; name = Base; path = Base.lproj/Main.storyboard; sourceTree = "<group>"; };
		9654CA2725F12D1300888B40 /* LocalizingTest.xcdatamodel */ = {isa = PBXFileReference; lastKnownFileType = wrapper.xcdatamodel; path = LocalizingTest.xcdatamodel; sourceTree = "<group>"; };
		9654CA2925F12D1500888B40 /* Assets.xcassets */ = {isa = PBXFileReference; lastKnownFileType = folder.assetcatalog; path = Assets.xcassets; sourceTree = "<group>"; };
		9654CA2C25F12D1500888B40 /* Base */ = {isa = PBXFileReference; lastKnownFileType = file.storyboard; name = Base; path = Base.lproj/LaunchScreen.storyboard; sourceTree = "<group>"; };
		9654CA2E25F12D1500888B40 /* Info.plist */ = {isa = PBXFileReference; lastKnownFileType = text.plist.xml; path = Info.plist; sourceTree = "<group>"; };
		9654CA3525F12D5B00888B40 /* ko */ = {isa = PBXFileReference; lastKnownFileType = text.plist.strings; name = ko; path = ko.lproj/Main.strings; sourceTree = "<group>"; };
		9654CA3625F12D5B00888B40 /* ko */ = {isa = PBXFileReference; lastKnownFileType = text.plist.strings; name = ko; path = ko.lproj/LaunchScreen.strings; sourceTree = "<group>"; };
		9654CA3C25F12DE800888B40 /* en */ = {isa = PBXFileReference; lastKnownFileType = text.plist.strings; name = en; path = en.lproj/Localizable.strings; sourceTree = "<group>"; };
		9654CA3F25F12DEF00888B40 /* ko */ = {isa = PBXFileReference; lastKnownFileType = text.plist.strings; name = ko; path = ko.lproj/Localizable.strings; sourceTree = "<group>"; };
/* End PBXFileReference section */

/* Begin PBXFrameworksBuildPhase section */
		9654CA1725F12D1300888B40 /* Frameworks */ = {
			isa = PBXFrameworksBuildPhase;
			buildActionMask = 2147483647;
			files = (
			);
			runOnlyForDeploymentPostprocessing = 0;
		};
/* End PBXFrameworksBuildPhase section */

/* Begin PBXGroup section */
		9654CA1125F12D1300888B40 = {
			isa = PBXGroup;
			children = (
				9654CA1C25F12D1300888B40 /* LocalizingTest */,
				9654CA1B25F12D1300888B40 /* Products */,
			);
			sourceTree = "<group>";
		};
		9654CA1B25F12D1300888B40 /* Products */ = {
			isa = PBXGroup;
			children = (
				9654CA1A25F12D1300888B40 /* LocalizingTest.app */,
			);
			name = Products;
			sourceTree = "<group>";
		};
		9654CA1C25F12D1300888B40 /* LocalizingTest */ = {
			isa = PBXGroup;
			children = (
				9654CA1D25F12D1300888B40 /* AppDelegate.swift */,
				9654CA1F25F12D1300888B40 /* SceneDelegate.swift */,
				9654CA2125F12D1300888B40 /* ViewController.swift */,
				9654CA2325F12D1300888B40 /* Main.storyboard */,
				9654CA2925F12D1500888B40 /* Assets.xcassets */,
				9654CA2B25F12D1500888B40 /* LaunchScreen.storyboard */,
				9654CA2E25F12D1500888B40 /* Info.plist */,
				9654CA2625F12D1300888B40 /* LocalizingTest.xcdatamodeld */,
				9654CA3D25F12DE800888B40 /* Localizable.strings */,
			);
			path = LocalizingTest;
			sourceTree = "<group>";
		};
/* End PBXGroup section */

/* Begin PBXNativeTarget section */
		9654CA1925F12D1300888B40 /* LocalizingTest */ = {
			isa = PBXNativeTarget;
			buildConfigurationList = 9654CA3125F12D1500888B40 /* Build configuration list for PBXNativeTarget "LocalizingTest" */;
			buildPhases = (
				9654CA1625F12D1300888B40 /* Sources */,
				9654CA1725F12D1300888B40 /* Frameworks */,
				9654CA1825F12D1300888B40 /* Resources */,
			);
			buildRules = (
			);
			dependencies = (
			);
			name = LocalizingTest;
			productName = LocalizingTest;
			productReference = 9654CA1A25F12D1300888B40 /* LocalizingTest.app */;
			productType = "com.apple.product-type.application";
		};
/* End PBXNativeTarget section */

/* Begin PBXProject section */
		9654CA1225F12D1300888B40 /* Project object */ = {
			isa = PBXProject;
			attributes = {
				LastSwiftUpdateCheck = 1240;
				LastUpgradeCheck = 1240;
				TargetAttributes = {
					9654CA1925F12D1300888B40 = {
						CreatedOnToolsVersion = 12.4;
					};
				};
			};
			buildConfigurationList = 9654CA1525F12D1300888B40 /* Build configuration list for PBXProject "LocalizingTest" */;
			compatibilityVersion = "Xcode 9.3";
			developmentRegion = en;
			hasScannedForEncodings = 0;
			knownRegions = (
				en,
				Base,
				ko,
			);
			mainGroup = 9654CA1125F12D1300888B40;
			productRefGroup = 9654CA1B25F12D1300888B40 /* Products */;
			projectDirPath = "";
			projectRoot = "";
			targets = (
				9654CA1925F12D1300888B40 /* LocalizingTest */,
			);
		};
/* End PBXProject section */

/* Begin PBXResourcesBuildPhase section */
		9654CA1825F12D1300888B40 /* Resources */ = {
			isa = PBXResourcesBuildPhase;
			buildActionMask = 2147483647;
			files = (
				9654CA3B25F12DE800888B40 /* Localizable.strings in Resources */,
				9654CA2D25F12D1500888B40 /* LaunchScreen.storyboard in Resources */,
				9654CA2A25F12D1500888B40 /* Assets.xcassets in Resources */,
				9654CA2525F12D1300888B40 /* Main.storyboard in Resources */,
			);
			runOnlyForDeploymentPostprocessing = 0;
		};
/* End PBXResourcesBuildPhase section */

/* Begin PBXSourcesBuildPhase section */
		9654CA1625F12D1300888B40 /* Sources */ = {
			isa = PBXSourcesBuildPhase;
			buildActionMask = 2147483647;
			files = (
				9654CA2225F12D1300888B40 /* ViewController.swift in Sources */,
				9654CA1E25F12D1300888B40 /* AppDelegate.swift in Sources */,
				9654CA2025F12D1300888B40 /* SceneDelegate.swift in Sources */,
				9654CA2825F12D1300888B40 /* LocalizingTest.xcdatamodeld in Sources */,
			);
			runOnlyForDeploymentPostprocessing = 0;
		};
/* End PBXSourcesBuildPhase section */

/* Begin PBXVariantGroup section */
		9654CA2325F12D1300888B40 /* Main.storyboard */ = {
			isa = PBXVariantGroup;
			children = (
				9654CA2425F12D1300888B40 /* Base */,
				9654CA3525F12D5B00888B40 /* ko */,
			);
			name = Main.storyboard;
			sourceTree = "<group>";
		};
		9654CA2B25F12D1500888B40 /* LaunchScreen.storyboard */ = {
			isa = PBXVariantGroup;
			children = (
				9654CA2C25F12D1500888B40 /* Base */,
				9654CA3625F12D5B00888B40 /* ko */,
			);
			name = LaunchScreen.storyboard;
			sourceTree = "<group>";
		};
		9654CA3D25F12DE800888B40 /* Localizable.strings */ = {
			isa = PBXVariantGroup;
			children = (
				9654CA3C25F12DE800888B40 /* en */,
				9654CA3F25F12DEF00888B40 /* ko */,
			);
			name = Localizable.strings;
			sourceTree = "<group>";
		};
/* End PBXVariantGroup section */

/* Begin XCBuildConfiguration section */
		9654CA2F25F12D1500888B40 /* Debug */ = {
			isa = XCBuildConfiguration;
			buildSettings = {
				ALWAYS_SEARCH_USER_PATHS = NO;
				CLANG_ANALYZER_LOCALIZABILITY_NONLOCALIZED = YES;
				CLANG_ANALYZER_NONNULL = YES;
				CLANG_ANALYZER_NUMBER_OBJECT_CONVERSION = YES_AGGRESSIVE;
				CLANG_CXX_LANGUAGE_STANDARD = "gnu++14";
				CLANG_CXX_LIBRARY = "libc++";
				CLANG_ENABLE_MODULES = YES;
				CLANG_ENABLE_OBJC_ARC = YES;
				CLANG_ENABLE_OBJC_WEAK = YES;
				CLANG_WARN_BLOCK_CAPTURE_AUTORELEASING = YES;
				CLANG_WARN_BOOL_CONVERSION = YES;
				CLANG_WARN_COMMA = YES;
				CLANG_WARN_CONSTANT_CONVERSION = YES;
				CLANG_WARN_DEPRECATED_OBJC_IMPLEMENTATIONS = YES;
				CLANG_WARN_DIRECT_OBJC_ISA_USAGE = YES_ERROR;
				CLANG_WARN_DOCUMENTATION_COMMENTS = YES;
				CLANG_WARN_EMPTY_BODY = YES;
				CLANG_WARN_ENUM_CONVERSION = YES;
				CLANG_WARN_INFINITE_RECURSION = YES;
				CLANG_WARN_INT_CONVERSION = YES;
				CLANG_WARN_NON_LITERAL_NULL_CONVERSION = YES;
				CLANG_WARN_OBJC_IMPLICIT_RETAIN_SELF = YES;
				CLANG_WARN_OBJC_LITERAL_CONVERSION = YES;
				CLANG_WARN_OBJC_ROOT_CLASS = YES_ERROR;
				CLANG_WARN_QUOTED_INCLUDE_IN_FRAMEWORK_HEADER = YES;
				CLANG_WARN_RANGE_LOOP_ANALYSIS = YES;
				CLANG_WARN_STRICT_PROTOTYPES = YES;
				CLANG_WARN_SUSPICIOUS_MOVE = YES;
				CLANG_WARN_UNGUARDED_AVAILABILITY = YES_AGGRESSIVE;
				CLANG_WARN_UNREACHABLE_CODE = YES;
				CLANG_WARN__DUPLICATE_METHOD_MATCH = YES;
				COPY_PHASE_STRIP = NO;
				DEBUG_INFORMATION_FORMAT = dwarf;
				ENABLE_STRICT_OBJC_MSGSEND = YES;
				ENABLE_TESTABILITY = YES;
				GCC_C_LANGUAGE_STANDARD = gnu11;
				GCC_DYNAMIC_NO_PIC = NO;
				GCC_NO_COMMON_BLOCKS = YES;
				GCC_OPTIMIZATION_LEVEL = 0;
				GCC_PREPROCESSOR_DEFINITIONS = (
					"DEBUG=1",
					"$(inherited)",
				);
				GCC_WARN_64_TO_32_BIT_CONVERSION = YES;
				GCC_WARN_ABOUT_RETURN_TYPE = YES_ERROR;
				GCC_WARN_UNDECLARED_SELECTOR = YES;
				GCC_WARN_UNINITIALIZED_AUTOS = YES_AGGRESSIVE;
				GCC_WARN_UNUSED_FUNCTION = YES;
				GCC_WARN_UNUSED_VARIABLE = YES;
				IPHONEOS_DEPLOYMENT_TARGET = 14.4;
				MTL_ENABLE_DEBUG_INFO = INCLUDE_SOURCE;
				MTL_FAST_MATH = YES;
				ONLY_ACTIVE_ARCH = YES;
				SDKROOT = iphoneos;
				SWIFT_ACTIVE_COMPILATION_CONDITIONS = DEBUG;
				SWIFT_OPTIMIZATION_LEVEL = "-Onone";
			};
			name = Debug;
		};
		9654CA3025F12D1500888B40 /* Release */ = {
			isa = XCBuildConfiguration;
			buildSettings = {
				ALWAYS_SEARCH_USER_PATHS = NO;
				CLANG_ANALYZER_LOCALIZABILITY_NONLOCALIZED = YES;
				CLANG_ANALYZER_NONNULL = YES;
				CLANG_ANALYZER_NUMBER_OBJECT_CONVERSION = YES_AGGRESSIVE;
				CLANG_CXX_LANGUAGE_STANDARD = "gnu++14";
				CLANG_CXX_LIBRARY = "libc++";
				CLANG_ENABLE_MODULES = YES;
				CLANG_ENABLE_OBJC_ARC = YES;
				CLANG_ENABLE_OBJC_WEAK = YES;
				CLANG_WARN_BLOCK_CAPTURE_AUTORELEASING = YES;
				CLANG_WARN_BOOL_CONVERSION = YES;
				CLANG_WARN_COMMA = YES;
				CLANG_WARN_CONSTANT_CONVERSION = YES;
				CLANG_WARN_DEPRECATED_OBJC_IMPLEMENTATIONS = YES;
				CLANG_WARN_DIRECT_OBJC_ISA_USAGE = YES_ERROR;
				CLANG_WARN_DOCUMENTATION_COMMENTS = YES;
				CLANG_WARN_EMPTY_BODY = YES;
				CLANG_WARN_ENUM_CONVERSION = YES;
				CLANG_WARN_INFINITE_RECURSION = YES;
				CLANG_WARN_INT_CONVERSION = YES;
				CLANG_WARN_NON_LITERAL_NULL_CONVERSION = YES;
				CLANG_WARN_OBJC_IMPLICIT_RETAIN_SELF = YES;
				CLANG_WARN_OBJC_LITERAL_CONVERSION = YES;
				CLANG_WARN_OBJC_ROOT_CLASS = YES_ERROR;
				CLANG_WARN_QUOTED_INCLUDE_IN_FRAMEWORK_HEADER = YES;
				CLANG_WARN_RANGE_LOOP_ANALYSIS = YES;
				CLANG_WARN_STRICT_PROTOTYPES = YES;
				CLANG_WARN_SUSPICIOUS_MOVE = YES;
				CLANG_WARN_UNGUARDED_AVAILABILITY = YES_AGGRESSIVE;
				CLANG_WARN_UNREACHABLE_CODE = YES;
				CLANG_WARN__DUPLICATE_METHOD_MATCH = YES;
				COPY_PHASE_STRIP = NO;
				DEBUG_INFORMATION_FORMAT = "dwarf-with-dsym";
				ENABLE_NS_ASSERTIONS = NO;
				ENABLE_STRICT_OBJC_MSGSEND = YES;
				GCC_C_LANGUAGE_STANDARD = gnu11;
				GCC_NO_COMMON_BLOCKS = YES;
				GCC_WARN_64_TO_32_BIT_CONVERSION = YES;
				GCC_WARN_ABOUT_RETURN_TYPE = YES_ERROR;
				GCC_WARN_UNDECLARED_SELECTOR = YES;
				GCC_WARN_UNINITIALIZED_AUTOS = YES_AGGRESSIVE;
				GCC_WARN_UNUSED_FUNCTION = YES;
				GCC_WARN_UNUSED_VARIABLE = YES;
				IPHONEOS_DEPLOYMENT_TARGET = 14.4;
				MTL_ENABLE_DEBUG_INFO = NO;
				MTL_FAST_MATH = YES;
				SDKROOT = iphoneos;
				SWIFT_COMPILATION_MODE = wholemodule;
				SWIFT_OPTIMIZATION_LEVEL = "-O";
				VALIDATE_PRODUCT = YES;
			};
			name = Release;
		};
		9654CA3225F12D1500888B40 /* Debug */ = {
			isa = XCBuildConfiguration;
			buildSettings = {
				ASSETCATALOG_COMPILER_APPICON_NAME = AppIcon;
				ASSETCATALOG_COMPILER_GLOBAL_ACCENT_COLOR_NAME = AccentColor;
				CODE_SIGN_STYLE = Automatic;
				INFOPLIST_FILE = LocalizingTest/Info.plist;
				LD_RUNPATH_SEARCH_PATHS = (
					"$(inherited)",
					"@executable_path/Frameworks",
				);
				PRODUCT_BUNDLE_IDENTIFIER = com.example.LocalizingTest;
				PRODUCT_NAME = "$(TARGET_NAME)";
				SWIFT_VERSION = 5.0;
				TARGETED_DEVICE_FAMILY = "1,2";
			};
			name = Debug;
		};
		9654CA3325F12D1500888B40 /* Release */ = {
			isa = XCBuildConfiguration;
			buildSettings = {
				ASSETCATALOG_COMPILER_APPICON_NAME = AppIcon;
				ASSETCATALOG_COMPILER_GLOBAL_ACCENT_COLOR_NAME = AccentColor;
				CODE_SIGN_STYLE = Automatic;
				INFOPLIST_FILE = LocalizingTest/Info.plist;
				LD_RUNPATH_SEARCH_PATHS = (
					"$(inherited)",
					"@executable_path/Frameworks",
				);
				PRODUCT_BUNDLE_IDENTIFIER = com.example.LocalizingTest;
				PRODUCT_NAME = "$(TARGET_NAME)";
				SWIFT_VERSION = 5.0;
				TARGETED_DEVICE_FAMILY = "1,2";
			};
			name = Release;
		};
/* End XCBuildConfiguration section */

/* Begin XCConfigurationList section */
		9654CA1525F12D1300888B40 /* Build configuration list for PBXProject "LocalizingTest" */ = {
			isa = XCConfigurationList;
			buildConfigurations = (
				9654CA2F25F12D1500888B40 /* Debug */,
				9654CA3025F12D1500888B40 /* Release */,
			);
			defaultConfigurationIsVisible = 0;
			defaultConfigurationName = Release;
		};
		9654CA3125F12D1500888B40 /* Build configuration list for PBXNativeTarget "LocalizingTest" */ = {
			isa = XCConfigurationList;
			buildConfigurations = (
				9654CA3225F12D1500888B40 /* Debug */,
				9654CA3325F12D1500888B40 /* Release */,
			);
			defaultConfigurationIsVisible = 0;
			defaultConfigurationName = Release;
		};
/* End XCConfigurationList section */

/* Begin XCVersionGroup section */
		9654CA2625F12D1300888B40 /* LocalizingTest.xcdatamodeld */ = {
			isa = XCVersionGroup;
			children = (
				9654CA2725F12D1300888B40 /* LocalizingTest.xcdatamodel */,
			);
			currentVersion = 9654CA2725F12D1300888B40 /* LocalizingTest.xcdatamodel */;
			path = LocalizingTest.xcdatamodeld;
			sourceTree = "<group>";
			versionGroupType = wrapper.xcdatamodel;
		};
/* End XCVersionGroup section */
	};
	rootObject = 9654CA1225F12D1300888B40 /* Project object */;
}
