// !$*UTF8*$!
{
	archiveVersion = 1;
	classes = {
	};
	objectVersion = 50;
	objects = {

/* Begin PBXBuildFile section */
		96986B7F2620331100616106 /* AppDelegate.swift in Sources */ = {isa = PBXBuildFile; fileRef = 96986B7E2620331100616106 /* AppDelegate.swift */; };
		96986B812620331100616106 /* SceneDelegate.swift in Sources */ = {isa = PBXBuildFile; fileRef = 96986B802620331100616106 /* SceneDelegate.swift */; };
		96986B832620331100616106 /* ViewController.swift in Sources */ = {isa = PBXBuildFile; fileRef = 96986B822620331100616106 /* ViewController.swift */; };
		96986B862620331100616106 /* Main.storyboard in Resources */ = {isa = PBXBuildFile; fileRef = 96986B842620331100616106 /* Main.storyboard */; };
		96986B892620331100616106 /* BorderTest.xcdatamodeld in Sources */ = {isa = PBXBuildFile; fileRef = 96986B872620331100616106 /* BorderTest.xcdatamodeld */; };
		96986B8B2620331200616106 /* Assets.xcassets in Resources */ = {isa = PBXBuildFile; fileRef = 96986B8A2620331200616106 /* Assets.xcassets */; };
		96986B8E2620331200616106 /* LaunchScreen.storyboard in Resources */ = {isa = PBXBuildFile; fileRef = 96986B8C2620331200616106 /* LaunchScreen.storyboard */; };
		96986B992620331200616106 /* BorderTestTests.swift in Sources */ = {isa = PBXBuildFile; fileRef = 96986B982620331200616106 /* BorderTestTests.swift */; };
		96986BA42620331200616106 /* BorderTestUITests.swift in Sources */ = {isa = PBXBuildFile; fileRef = 96986BA32620331200616106 /* BorderTestUITests.swift */; };
/* End PBXBuildFile section */

/* Begin PBXContainerItemProxy section */
		96986B952620331200616106 /* PBXContainerItemProxy */ = {
			isa = PBXContainerItemProxy;
			containerPortal = 96986B732620331100616106 /* Project object */;
			proxyType = 1;
			remoteGlobalIDString = 96986B7A2620331100616106;
			remoteInfo = BorderTest;
		};
		96986BA02620331200616106 /* PBXContainerItemProxy */ = {
			isa = PBXContainerItemProxy;
			containerPortal = 96986B732620331100616106 /* Project object */;
			proxyType = 1;
			remoteGlobalIDString = 96986B7A2620331100616106;
			remoteInfo = BorderTest;
		};
/* End PBXContainerItemProxy section */

/* Begin PBXFileReference section */
		96986B7B2620331100616106 /* BorderTest.app */ = {isa = PBXFileReference; explicitFileType = wrapper.application; includeInIndex = 0; path = BorderTest.app; sourceTree = BUILT_PRODUCTS_DIR; };
		96986B7E2620331100616106 /* AppDelegate.swift */ = {isa = PBXFileReference; lastKnownFileType = sourcecode.swift; path = AppDelegate.swift; sourceTree = "<group>"; };
		96986B802620331100616106 /* SceneDelegate.swift */ = {isa = PBXFileReference; lastKnownFileType = sourcecode.swift; path = SceneDelegate.swift; sourceTree = "<group>"; };
		96986B822620331100616106 /* ViewController.swift */ = {isa = PBXFileReference; lastKnownFileType = sourcecode.swift; path = ViewController.swift; sourceTree = "<group>"; };
		96986B852620331100616106 /* Base */ = {isa = PBXFileReference; lastKnownFileType = file.storyboard; name = Base; path = Base.lproj/Main.storyboard; sourceTree = "<group>"; };
		96986B882620331100616106 /* BorderTest.xcdatamodel */ = {isa = PBXFileReference; lastKnownFileType = wrapper.xcdatamodel; path = BorderTest.xcdatamodel; sourceTree = "<group>"; };
		96986B8A2620331200616106 /* Assets.xcassets */ = {isa = PBXFileReference; lastKnownFileType = folder.assetcatalog; path = Assets.xcassets; sourceTree = "<group>"; };
		96986B8D2620331200616106 /* Base */ = {isa = PBXFileReference; lastKnownFileType = file.storyboard; name = Base; path = Base.lproj/LaunchScreen.storyboard; sourceTree = "<group>"; };
		96986B8F2620331200616106 /* Info.plist */ = {isa = PBXFileReference; lastKnownFileType = text.plist.xml; path = Info.plist; sourceTree = "<group>"; };
		96986B942620331200616106 /* BorderTestTests.xctest */ = {isa = PBXFileReference; explicitFileType = wrapper.cfbundle; includeInIndex = 0; path = BorderTestTests.xctest; sourceTree = BUILT_PRODUCTS_DIR; };
		96986B982620331200616106 /* BorderTestTests.swift */ = {isa = PBXFileReference; lastKnownFileType = sourcecode.swift; path = BorderTestTests.swift; sourceTree = "<group>"; };
		96986B9A2620331200616106 /* Info.plist */ = {isa = PBXFileReference; lastKnownFileType = text.plist.xml; path = Info.plist; sourceTree = "<group>"; };
		96986B9F2620331200616106 /* BorderTestUITests.xctest */ = {isa = PBXFileReference; explicitFileType = wrapper.cfbundle; includeInIndex = 0; path = BorderTestUITests.xctest; sourceTree = BUILT_PRODUCTS_DIR; };
		96986BA32620331200616106 /* BorderTestUITests.swift */ = {isa = PBXFileReference; lastKnownFileType = sourcecode.swift; path = BorderTestUITests.swift; sourceTree = "<group>"; };
		96986BA52620331200616106 /* Info.plist */ = {isa = PBXFileReference; lastKnownFileType = text.plist.xml; path = Info.plist; sourceTree = "<group>"; };
/* End PBXFileReference section */

/* Begin PBXFrameworksBuildPhase section */
		96986B782620331100616106 /* Frameworks */ = {
			isa = PBXFrameworksBuildPhase;
			buildActionMask = 2147483647;
			files = (
			);
			runOnlyForDeploymentPostprocessing = 0;
		};
		96986B912620331200616106 /* Frameworks */ = {
			isa = PBXFrameworksBuildPhase;
			buildActionMask = 2147483647;
			files = (
			);
			runOnlyForDeploymentPostprocessing = 0;
		};
		96986B9C2620331200616106 /* Frameworks */ = {
			isa = PBXFrameworksBuildPhase;
			buildActionMask = 2147483647;
			files = (
			);
			runOnlyForDeploymentPostprocessing = 0;
		};
/* End PBXFrameworksBuildPhase section */

/* Begin PBXGroup section */
		96986B722620331100616106 = {
			isa = PBXGroup;
			children = (
				96986B7D2620331100616106 /* BorderTest */,
				96986B972620331200616106 /* BorderTestTests */,
				96986BA22620331200616106 /* BorderTestUITests */,
				96986B7C2620331100616106 /* Products */,
			);
			sourceTree = "<group>";
		};
		96986B7C2620331100616106 /* Products */ = {
			isa = PBXGroup;
			children = (
				96986B7B2620331100616106 /* BorderTest.app */,
				96986B942620331200616106 /* BorderTestTests.xctest */,
				96986B9F2620331200616106 /* BorderTestUITests.xctest */,
			);
			name = Products;
			sourceTree = "<group>";
		};
		96986B7D2620331100616106 /* BorderTest */ = {
			isa = PBXGroup;
			children = (
				96986B7E2620331100616106 /* AppDelegate.swift */,
				96986B802620331100616106 /* SceneDelegate.swift */,
				96986B822620331100616106 /* ViewController.swift */,
				96986B842620331100616106 /* Main.storyboard */,
				96986B8A2620331200616106 /* Assets.xcassets */,
				96986B8C2620331200616106 /* LaunchScreen.storyboard */,
				96986B8F2620331200616106 /* Info.plist */,
				96986B872620331100616106 /* BorderTest.xcdatamodeld */,
			);
			path = BorderTest;
			sourceTree = "<group>";
		};
		96986B972620331200616106 /* BorderTestTests */ = {
			isa = PBXGroup;
			children = (
				96986B982620331200616106 /* BorderTestTests.swift */,
				96986B9A2620331200616106 /* Info.plist */,
			);
			path = BorderTestTests;
			sourceTree = "<group>";
		};
		96986BA22620331200616106 /* BorderTestUITests */ = {
			isa = PBXGroup;
			children = (
				96986BA32620331200616106 /* BorderTestUITests.swift */,
				96986BA52620331200616106 /* Info.plist */,
			);
			path = BorderTestUITests;
			sourceTree = "<group>";
		};
/* End PBXGroup section */

/* Begin PBXNativeTarget section */
		96986B7A2620331100616106 /* BorderTest */ = {
			isa = PBXNativeTarget;
			buildConfigurationList = 96986BA82620331200616106 /* Build configuration list for PBXNativeTarget "BorderTest" */;
			buildPhases = (
				96986B772620331100616106 /* Sources */,
				96986B782620331100616106 /* Frameworks */,
				96986B792620331100616106 /* Resources */,
			);
			buildRules = (
			);
			dependencies = (
			);
			name = BorderTest;
			productName = BorderTest;
			productReference = 96986B7B2620331100616106 /* BorderTest.app */;
			productType = "com.apple.product-type.application";
		};
		96986B932620331200616106 /* BorderTestTests */ = {
			isa = PBXNativeTarget;
			buildConfigurationList = 96986BAB2620331200616106 /* Build configuration list for PBXNativeTarget "BorderTestTests" */;
			buildPhases = (
				96986B902620331200616106 /* Sources */,
				96986B912620331200616106 /* Frameworks */,
				96986B922620331200616106 /* Resources */,
			);
			buildRules = (
			);
			dependencies = (
				96986B962620331200616106 /* PBXTargetDependency */,
			);
			name = BorderTestTests;
			productName = BorderTestTests;
			productReference = 96986B942620331200616106 /* BorderTestTests.xctest */;
			productType = "com.apple.product-type.bundle.unit-test";
		};
		96986B9E2620331200616106 /* BorderTestUITests */ = {
			isa = PBXNativeTarget;
			buildConfigurationList = 96986BAE2620331200616106 /* Build configuration list for PBXNativeTarget "BorderTestUITests" */;
			buildPhases = (
				96986B9B2620331200616106 /* Sources */,
				96986B9C2620331200616106 /* Frameworks */,
				96986B9D2620331200616106 /* Resources */,
			);
			buildRules = (
			);
			dependencies = (
				96986BA12620331200616106 /* PBXTargetDependency */,
			);
			name = BorderTestUITests;
			productName = BorderTestUITests;
			productReference = 96986B9F2620331200616106 /* BorderTestUITests.xctest */;
			productType = "com.apple.product-type.bundle.ui-testing";
		};
/* End PBXNativeTarget section */

/* Begin PBXProject section */
		96986B732620331100616106 /* Project object */ = {
			isa = PBXProject;
			attributes = {
				LastSwiftUpdateCheck = 1240;
				LastUpgradeCheck = 1240;
				TargetAttributes = {
					96986B7A2620331100616106 = {
						CreatedOnToolsVersion = 12.4;
					};
					96986B932620331200616106 = {
						CreatedOnToolsVersion = 12.4;
						TestTargetID = 96986B7A2620331100616106;
					};
					96986B9E2620331200616106 = {
						CreatedOnToolsVersion = 12.4;
						TestTargetID = 96986B7A2620331100616106;
					};
				};
			};
			buildConfigurationList = 96986B762620331100616106 /* Build configuration list for PBXProject "BorderTest" */;
			compatibilityVersion = "Xcode 9.3";
			developmentRegion = en;
			hasScannedForEncodings = 0;
			knownRegions = (
				en,
				Base,
			);
			mainGroup = 96986B722620331100616106;
			productRefGroup = 96986B7C2620331100616106 /* Products */;
			projectDirPath = "";
			projectRoot = "";
			targets = (
				96986B7A2620331100616106 /* BorderTest */,
				96986B932620331200616106 /* BorderTestTests */,
				96986B9E2620331200616106 /* BorderTestUITests */,
			);
		};
/* End PBXProject section */

/* Begin PBXResourcesBuildPhase section */
		96986B792620331100616106 /* Resources */ = {
			isa = PBXResourcesBuildPhase;
			buildActionMask = 2147483647;
			files = (
				96986B8E2620331200616106 /* LaunchScreen.storyboard in Resources */,
				96986B8B2620331200616106 /* Assets.xcassets in Resources */,
				96986B862620331100616106 /* Main.storyboard in Resources */,
			);
			runOnlyForDeploymentPostprocessing = 0;
		};
		96986B922620331200616106 /* Resources */ = {
			isa = PBXResourcesBuildPhase;
			buildActionMask = 2147483647;
			files = (
			);
			runOnlyForDeploymentPostprocessing = 0;
		};
		96986B9D2620331200616106 /* Resources */ = {
			isa = PBXResourcesBuildPhase;
			buildActionMask = 2147483647;
			files = (
			);
			runOnlyForDeploymentPostprocessing = 0;
		};
/* End PBXResourcesBuildPhase section */

/* Begin PBXSourcesBuildPhase section */
		96986B772620331100616106 /* Sources */ = {
			isa = PBXSourcesBuildPhase;
			buildActionMask = 2147483647;
			files = (
				96986B832620331100616106 /* ViewController.swift in Sources */,
				96986B892620331100616106 /* BorderTest.xcdatamodeld in Sources */,
				96986B7F2620331100616106 /* AppDelegate.swift in Sources */,
				96986B812620331100616106 /* SceneDelegate.swift in Sources */,
			);
			runOnlyForDeploymentPostprocessing = 0;
		};
		96986B902620331200616106 /* Sources */ = {
			isa = PBXSourcesBuildPhase;
			buildActionMask = 2147483647;
			files = (
				96986B992620331200616106 /* BorderTestTests.swift in Sources */,
			);
			runOnlyForDeploymentPostprocessing = 0;
		};
		96986B9B2620331200616106 /* Sources */ = {
			isa = PBXSourcesBuildPhase;
			buildActionMask = 2147483647;
			files = (
				96986BA42620331200616106 /* BorderTestUITests.swift in Sources */,
			);
			runOnlyForDeploymentPostprocessing = 0;
		};
/* End PBXSourcesBuildPhase section */

/* Begin PBXTargetDependency section */
		96986B962620331200616106 /* PBXTargetDependency */ = {
			isa = PBXTargetDependency;
			target = 96986B7A2620331100616106 /* BorderTest */;
			targetProxy = 96986B952620331200616106 /* PBXContainerItemProxy */;
		};
		96986BA12620331200616106 /* PBXTargetDependency */ = {
			isa = PBXTargetDependency;
			target = 96986B7A2620331100616106 /* BorderTest */;
			targetProxy = 96986BA02620331200616106 /* PBXContainerItemProxy */;
		};
/* End PBXTargetDependency section */

/* Begin PBXVariantGroup section */
		96986B842620331100616106 /* Main.storyboard */ = {
			isa = PBXVariantGroup;
			children = (
				96986B852620331100616106 /* Base */,
			);
			name = Main.storyboard;
			sourceTree = "<group>";
		};
		96986B8C2620331200616106 /* LaunchScreen.storyboard */ = {
			isa = PBXVariantGroup;
			children = (
				96986B8D2620331200616106 /* Base */,
			);
			name = LaunchScreen.storyboard;
			sourceTree = "<group>";
		};
/* End PBXVariantGroup section */

/* Begin XCBuildConfiguration section */
		96986BA62620331200616106 /* Debug */ = {
			isa = XCBuildConfiguration;
			buildSettings = {
				ALWAYS_SEARCH_USER_PATHS = NO;
				CLANG_ANALYZER_NONNULL = YES;
				CLANG_ANALYZER_NUMBER_OBJECT_CONVERSION = YES_AGGRESSIVE;
				CLANG_CXX_LANGUAGE_STANDARD = "gnu++14";
				CLANG_CXX_LIBRARY = "libc++";
				CLANG_ENABLE_MODULES = YES;
				CLANG_ENABLE_OBJC_ARC = YES;
				CLANG_ENABLE_OBJC_WEAK = YES;
				CLANG_WARN_BLOCK_CAPTURE_AUTORELEASING = YES;
				CLANG_WARN_BOOL_CONVERSION = YES;
				CLANG_WARN_COMMA = YES;
				CLANG_WARN_CONSTANT_CONVERSION = YES;
				CLANG_WARN_DEPRECATED_OBJC_IMPLEMENTATIONS = YES;
				CLANG_WARN_DIRECT_OBJC_ISA_USAGE = YES_ERROR;
				CLANG_WARN_DOCUMENTATION_COMMENTS = YES;
				CLANG_WARN_EMPTY_BODY = YES;
				CLANG_WARN_ENUM_CONVERSION = YES;
				CLANG_WARN_INFINITE_RECURSION = YES;
				CLANG_WARN_INT_CONVERSION = YES;
				CLANG_WARN_NON_LITERAL_NULL_CONVERSION = YES;
				CLANG_WARN_OBJC_IMPLICIT_RETAIN_SELF = YES;
				CLANG_WARN_OBJC_LITERAL_CONVERSION = YES;
				CLANG_WARN_OBJC_ROOT_CLASS = YES_ERROR;
				CLANG_WARN_QUOTED_INCLUDE_IN_FRAMEWORK_HEADER = YES;
				CLANG_WARN_RANGE_LOOP_ANALYSIS = YES;
				CLANG_WARN_STRICT_PROTOTYPES = YES;
				CLANG_WARN_SUSPICIOUS_MOVE = YES;
				CLANG_WARN_UNGUARDED_AVAILABILITY = YES_AGGRESSIVE;
				CLANG_WARN_UNREACHABLE_CODE = YES;
				CLANG_WARN__DUPLICATE_METHOD_MATCH = YES;
				COPY_PHASE_STRIP = NO;
				DEBUG_INFORMATION_FORMAT = dwarf;
				ENABLE_STRICT_OBJC_MSGSEND = YES;
				ENABLE_TESTABILITY = YES;
				GCC_C_LANGUAGE_STANDARD = gnu11;
				GCC_DYNAMIC_NO_PIC = NO;
				GCC_NO_COMMON_BLOCKS = YES;
				GCC_OPTIMIZATION_LEVEL = 0;
				GCC_PREPROCESSOR_DEFINITIONS = (
					"DEBUG=1",
					"$(inherited)",
				);
				GCC_WARN_64_TO_32_BIT_CONVERSION = YES;
				GCC_WARN_ABOUT_RETURN_TYPE = YES_ERROR;
				GCC_WARN_UNDECLARED_SELECTOR = YES;
				GCC_WARN_UNINITIALIZED_AUTOS = YES_AGGRESSIVE;
				GCC_WARN_UNUSED_FUNCTION = YES;
				GCC_WARN_UNUSED_VARIABLE = YES;
				IPHONEOS_DEPLOYMENT_TARGET = 14.4;
				MTL_ENABLE_DEBUG_INFO = INCLUDE_SOURCE;
				MTL_FAST_MATH = YES;
				ONLY_ACTIVE_ARCH = YES;
				SDKROOT = iphoneos;
				SWIFT_ACTIVE_COMPILATION_CONDITIONS = DEBUG;
				SWIFT_OPTIMIZATION_LEVEL = "-Onone";
			};
			name = Debug;
		};
		96986BA72620331200616106 /* Release */ = {
			isa = XCBuildConfiguration;
			buildSettings = {
				ALWAYS_SEARCH_USER_PATHS = NO;
				CLANG_ANALYZER_NONNULL = YES;
				CLANG_ANALYZER_NUMBER_OBJECT_CONVERSION = YES_AGGRESSIVE;
				CLANG_CXX_LANGUAGE_STANDARD = "gnu++14";
				CLANG_CXX_LIBRARY = "libc++";
				CLANG_ENABLE_MODULES = YES;
				CLANG_ENABLE_OBJC_ARC = YES;
				CLANG_ENABLE_OBJC_WEAK = YES;
				CLANG_WARN_BLOCK_CAPTURE_AUTORELEASING = YES;
				CLANG_WARN_BOOL_CONVERSION = YES;
				CLANG_WARN_COMMA = YES;
				CLANG_WARN_CONSTANT_CONVERSION = YES;
				CLANG_WARN_DEPRECATED_OBJC_IMPLEMENTATIONS = YES;
				CLANG_WARN_DIRECT_OBJC_ISA_USAGE = YES_ERROR;
				CLANG_WARN_DOCUMENTATION_COMMENTS = YES;
				CLANG_WARN_EMPTY_BODY = YES;
				CLANG_WARN_ENUM_CONVERSION = YES;
				CLANG_WARN_INFINITE_RECURSION = YES;
				CLANG_WARN_INT_CONVERSION = YES;
				CLANG_WARN_NON_LITERAL_NULL_CONVERSION = YES;
				CLANG_WARN_OBJC_IMPLICIT_RETAIN_SELF = YES;
				CLANG_WARN_OBJC_LITERAL_CONVERSION = YES;
				CLANG_WARN_OBJC_ROOT_CLASS = YES_ERROR;
				CLANG_WARN_QUOTED_INCLUDE_IN_FRAMEWORK_HEADER = YES;
				CLANG_WARN_RANGE_LOOP_ANALYSIS = YES;
				CLANG_WARN_STRICT_PROTOTYPES = YES;
				CLANG_WARN_SUSPICIOUS_MOVE = YES;
				CLANG_WARN_UNGUARDED_AVAILABILITY = YES_AGGRESSIVE;
				CLANG_WARN_UNREACHABLE_CODE = YES;
				CLANG_WARN__DUPLICATE_METHOD_MATCH = YES;
				COPY_PHASE_STRIP = NO;
				DEBUG_INFORMATION_FORMAT = "dwarf-with-dsym";
				ENABLE_NS_ASSERTIONS = NO;
				ENABLE_STRICT_OBJC_MSGSEND = YES;
				GCC_C_LANGUAGE_STANDARD = gnu11;
				GCC_NO_COMMON_BLOCKS = YES;
				GCC_WARN_64_TO_32_BIT_CONVERSION = YES;
				GCC_WARN_ABOUT_RETURN_TYPE = YES_ERROR;
				GCC_WARN_UNDECLARED_SELECTOR = YES;
				GCC_WARN_UNINITIALIZED_AUTOS = YES_AGGRESSIVE;
				GCC_WARN_UNUSED_FUNCTION = YES;
				GCC_WARN_UNUSED_VARIABLE = YES;
				IPHONEOS_DEPLOYMENT_TARGET = 14.4;
				MTL_ENABLE_DEBUG_INFO = NO;
				MTL_FAST_MATH = YES;
				SDKROOT = iphoneos;
				SWIFT_COMPILATION_MODE = wholemodule;
				SWIFT_OPTIMIZATION_LEVEL = "-O";
				VALIDATE_PRODUCT = YES;
			};
			name = Release;
		};
		96986BA92620331200616106 /* Debug */ = {
			isa = XCBuildConfiguration;
			buildSettings = {
				ASSETCATALOG_COMPILER_APPICON_NAME = AppIcon;
				ASSETCATALOG_COMPILER_GLOBAL_ACCENT_COLOR_NAME = AccentColor;
				CODE_SIGN_STYLE = Automatic;
				INFOPLIST_FILE = BorderTest/Info.plist;
				LD_RUNPATH_SEARCH_PATHS = (
					"$(inherited)",
					"@executable_path/Frameworks",
				);
				PRODUCT_BUNDLE_IDENTIFIER = com.example.BorderTest;
				PRODUCT_NAME = "$(TARGET_NAME)";
				SWIFT_VERSION = 5.0;
				TARGETED_DEVICE_FAMILY = "1,2";
			};
			name = Debug;
		};
		96986BAA2620331200616106 /* Release */ = {
			isa = XCBuildConfiguration;
			buildSettings = {
				ASSETCATALOG_COMPILER_APPICON_NAME = AppIcon;
				ASSETCATALOG_COMPILER_GLOBAL_ACCENT_COLOR_NAME = AccentColor;
				CODE_SIGN_STYLE = Automatic;
				INFOPLIST_FILE = BorderTest/Info.plist;
				LD_RUNPATH_SEARCH_PATHS = (
					"$(inherited)",
					"@executable_path/Frameworks",
				);
				PRODUCT_BUNDLE_IDENTIFIER = com.example.BorderTest;
				PRODUCT_NAME = "$(TARGET_NAME)";
				SWIFT_VERSION = 5.0;
				TARGETED_DEVICE_FAMILY = "1,2";
			};
			name = Release;
		};
		96986BAC2620331200616106 /* Debug */ = {
			isa = XCBuildConfiguration;
			buildSettings = {
				ALWAYS_EMBED_SWIFT_STANDARD_LIBRARIES = YES;
				BUNDLE_LOADER = "$(TEST_HOST)";
				CODE_SIGN_STYLE = Automatic;
				INFOPLIST_FILE = BorderTestTests/Info.plist;
				IPHONEOS_DEPLOYMENT_TARGET = 14.4;
				LD_RUNPATH_SEARCH_PATHS = (
					"$(inherited)",
					"@executable_path/Frameworks",
					"@loader_path/Frameworks",
				);
				PRODUCT_BUNDLE_IDENTIFIER = com.example.BorderTestTests;
				PRODUCT_NAME = "$(TARGET_NAME)";
				SWIFT_VERSION = 5.0;
				TARGETED_DEVICE_FAMILY = "1,2";
				TEST_HOST = "$(BUILT_PRODUCTS_DIR)/BorderTest.app/BorderTest";
			};
			name = Debug;
		};
		96986BAD2620331200616106 /* Release */ = {
			isa = XCBuildConfiguration;
			buildSettings = {
				ALWAYS_EMBED_SWIFT_STANDARD_LIBRARIES = YES;
				BUNDLE_LOADER = "$(TEST_HOST)";
				CODE_SIGN_STYLE = Automatic;
				INFOPLIST_FILE = BorderTestTests/Info.plist;
				IPHONEOS_DEPLOYMENT_TARGET = 14.4;
				LD_RUNPATH_SEARCH_PATHS = (
					"$(inherited)",
					"@executable_path/Frameworks",
					"@loader_path/Frameworks",
				);
				PRODUCT_BUNDLE_IDENTIFIER = com.example.BorderTestTests;
				PRODUCT_NAME = "$(TARGET_NAME)";
				SWIFT_VERSION = 5.0;
				TARGETED_DEVICE_FAMILY = "1,2";
				TEST_HOST = "$(BUILT_PRODUCTS_DIR)/BorderTest.app/BorderTest";
			};
			name = Release;
		};
		96986BAF2620331200616106 /* Debug */ = {
			isa = XCBuildConfiguration;
			buildSettings = {
				ALWAYS_EMBED_SWIFT_STANDARD_LIBRARIES = YES;
				CODE_SIGN_STYLE = Automatic;
				INFOPLIST_FILE = BorderTestUITests/Info.plist;
				LD_RUNPATH_SEARCH_PATHS = (
					"$(inherited)",
					"@executable_path/Frameworks",
					"@loader_path/Frameworks",
				);
				PRODUCT_BUNDLE_IDENTIFIER = com.example.BorderTestUITests;
				PRODUCT_NAME = "$(TARGET_NAME)";
				SWIFT_VERSION = 5.0;
				TARGETED_DEVICE_FAMILY = "1,2";
				TEST_TARGET_NAME = BorderTest;
			};
			name = Debug;
		};
		96986BB02620331200616106 /* Release */ = {
			isa = XCBuildConfiguration;
			buildSettings = {
				ALWAYS_EMBED_SWIFT_STANDARD_LIBRARIES = YES;
				CODE_SIGN_STYLE = Automatic;
				INFOPLIST_FILE = BorderTestUITests/Info.plist;
				LD_RUNPATH_SEARCH_PATHS = (
					"$(inherited)",
					"@executable_path/Frameworks",
					"@loader_path/Frameworks",
				);
				PRODUCT_BUNDLE_IDENTIFIER = com.example.BorderTestUITests;
				PRODUCT_NAME = "$(TARGET_NAME)";
				SWIFT_VERSION = 5.0;
				TARGETED_DEVICE_FAMILY = "1,2";
				TEST_TARGET_NAME = BorderTest;
			};
			name = Release;
		};
/* End XCBuildConfiguration section */

/* Begin XCConfigurationList section */
		96986B762620331100616106 /* Build configuration list for PBXProject "BorderTest" */ = {
			isa = XCConfigurationList;
			buildConfigurations = (
				96986BA62620331200616106 /* Debug */,
				96986BA72620331200616106 /* Release */,
			);
			defaultConfigurationIsVisible = 0;
			defaultConfigurationName = Release;
		};
		96986BA82620331200616106 /* Build configuration list for PBXNativeTarget "BorderTest" */ = {
			isa = XCConfigurationList;
			buildConfigurations = (
				96986BA92620331200616106 /* Debug */,
				96986BAA2620331200616106 /* Release */,
			);
			defaultConfigurationIsVisible = 0;
			defaultConfigurationName = Release;
		};
		96986BAB2620331200616106 /* Build configuration list for PBXNativeTarget "BorderTestTests" */ = {
			isa = XCConfigurationList;
			buildConfigurations = (
				96986BAC2620331200616106 /* Debug */,
				96986BAD2620331200616106 /* Release */,
			);
			defaultConfigurationIsVisible = 0;
			defaultConfigurationName = Release;
		};
		96986BAE2620331200616106 /* Build configuration list for PBXNativeTarget "BorderTestUITests" */ = {
			isa = XCConfigurationList;
			buildConfigurations = (
				96986BAF2620331200616106 /* Debug */,
				96986BB02620331200616106 /* Release */,
			);
			defaultConfigurationIsVisible = 0;
			defaultConfigurationName = Release;
		};
/* End XCConfigurationList section */

/* Begin XCVersionGroup section */
		96986B872620331100616106 /* BorderTest.xcdatamodeld */ = {
			isa = XCVersionGroup;
			children = (
				96986B882620331100616106 /* BorderTest.xcdatamodel */,
			);
			currentVersion = 96986B882620331100616106 /* BorderTest.xcdatamodel */;
			path = BorderTest.xcdatamodeld;
			sourceTree = "<group>";
			versionGroupType = wrapper.xcdatamodel;
		};
/* End XCVersionGroup section */
	};
	rootObject = 96986B732620331100616106 /* Project object */;
}
