// !$*UTF8*$!
{
	archiveVersion = 1;
	classes = {
	};
	objectVersion = 50;
	objects = {

/* Begin PBXBuildFile section */
		968A893025CFC38900BF356E /* AppDelegate.swift in Sources */ = {isa = PBXBuildFile; fileRef = 968A892F25CFC38900BF356E /* AppDelegate.swift */; };
		968A893225CFC38900BF356E /* SceneDelegate.swift in Sources */ = {isa = PBXBuildFile; fileRef = 968A893125CFC38900BF356E /* SceneDelegate.swift */; };
		968A893425CFC38900BF356E /* ViewController.swift in Sources */ = {isa = PBXBuildFile; fileRef = 968A893325CFC38900BF356E /* ViewController.swift */; };
		968A893725CFC38900BF356E /* Main.storyboard in Resources */ = {isa = PBXBuildFile; fileRef = 968A893525CFC38900BF356E /* Main.storyboard */; };
		968A893925CFC38A00BF356E /* Assets.xcassets in Resources */ = {isa = PBXBuildFile; fileRef = 968A893825CFC38A00BF356E /* Assets.xcassets */; };
		968A893C25CFC38A00BF356E /* LaunchScreen.storyboard in Resources */ = {isa = PBXBuildFile; fileRef = 968A893A25CFC38A00BF356E /* LaunchScreen.storyboard */; };
		968A894B25CFC45B00BF356E /* Localizable.strings in Resources */ = {isa = PBXBuildFile; fileRef = 968A894D25CFC45B00BF356E /* Localizable.strings */; };
/* End PBXBuildFile section */

/* Begin PBXFileReference section */
		968A892C25CFC38900BF356E /* FirstPractice.app */ = {isa = PBXFileReference; explicitFileType = wrapper.application; includeInIndex = 0; path = FirstPractice.app; sourceTree = BUILT_PRODUCTS_DIR; };
		968A892F25CFC38900BF356E /* AppDelegate.swift */ = {isa = PBXFileReference; lastKnownFileType = sourcecode.swift; path = AppDelegate.swift; sourceTree = "<group>"; };
		968A893125CFC38900BF356E /* SceneDelegate.swift */ = {isa = PBXFileReference; lastKnownFileType = sourcecode.swift; path = SceneDelegate.swift; sourceTree = "<group>"; };
		968A893325CFC38900BF356E /* ViewController.swift */ = {isa = PBXFileReference; lastKnownFileType = sourcecode.swift; path = ViewController.swift; sourceTree = "<group>"; };
		968A893625CFC38900BF356E /* Base */ = {isa = PBXFileReference; lastKnownFileType = file.storyboard; name = Base; path = Base.lproj/Main.storyboard; sourceTree = "<group>"; };
		968A893825CFC38A00BF356E /* Assets.xcassets */ = {isa = PBXFileReference; lastKnownFileType = folder.assetcatalog; path = Assets.xcassets; sourceTree = "<group>"; };
		968A893B25CFC38A00BF356E /* Base */ = {isa = PBXFileReference; lastKnownFileType = file.storyboard; name = Base; path = Base.lproj/LaunchScreen.storyboard; sourceTree = "<group>"; };
		968A893D25CFC38A00BF356E /* Info.plist */ = {isa = PBXFileReference; lastKnownFileType = text.plist.xml; path = Info.plist; sourceTree = "<group>"; };
		968A894C25CFC45B00BF356E /* en */ = {isa = PBXFileReference; lastKnownFileType = text.plist.strings; name = en; path = en.lproj/Localizable.strings; sourceTree = "<group>"; };
		968A894F25CFC47400BF356E /* ja */ = {isa = PBXFileReference; lastKnownFileType = text.plist.strings; name = ja; path = ja.lproj/Main.strings; sourceTree = "<group>"; };
		968A895025CFC47400BF356E /* ja */ = {isa = PBXFileReference; lastKnownFileType = text.plist.strings; name = ja; path = ja.lproj/LaunchScreen.strings; sourceTree = "<group>"; };
		968A895125CFC47400BF356E /* ja */ = {isa = PBXFileReference; lastKnownFileType = text.plist.strings; name = ja; path = ja.lproj/Localizable.strings; sourceTree = "<group>"; };
		968A895225CFC47A00BF356E /* ko */ = {isa = PBXFileReference; lastKnownFileType = text.plist.strings; name = ko; path = ko.lproj/Main.strings; sourceTree = "<group>"; };
		968A895325CFC47A00BF356E /* ko */ = {isa = PBXFileReference; lastKnownFileType = text.plist.strings; name = ko; path = ko.lproj/LaunchScreen.strings; sourceTree = "<group>"; };
		968A895425CFC47A00BF356E /* ko */ = {isa = PBXFileReference; lastKnownFileType = text.plist.strings; name = ko; path = ko.lproj/Localizable.strings; sourceTree = "<group>"; };
/* End PBXFileReference section */

/* Begin PBXFrameworksBuildPhase section */
		968A892925CFC38900BF356E /* Frameworks */ = {
			isa = PBXFrameworksBuildPhase;
			buildActionMask = 2147483647;
			files = (
			);
			runOnlyForDeploymentPostprocessing = 0;
		};
/* End PBXFrameworksBuildPhase section */

/* Begin PBXGroup section */
		968A892325CFC38900BF356E = {
			isa = PBXGroup;
			children = (
				968A892E25CFC38900BF356E /* FirstPractice */,
				968A892D25CFC38900BF356E /* Products */,
			);
			sourceTree = "<group>";
		};
		968A892D25CFC38900BF356E /* Products */ = {
			isa = PBXGroup;
			children = (
				968A892C25CFC38900BF356E /* FirstPractice.app */,
			);
			name = Products;
			sourceTree = "<group>";
		};
		968A892E25CFC38900BF356E /* FirstPractice */ = {
			isa = PBXGroup;
			children = (
				968A894D25CFC45B00BF356E /* Localizable.strings */,
				968A892F25CFC38900BF356E /* AppDelegate.swift */,
				968A893125CFC38900BF356E /* SceneDelegate.swift */,
				968A893325CFC38900BF356E /* ViewController.swift */,
				968A893525CFC38900BF356E /* Main.storyboard */,
				968A893825CFC38A00BF356E /* Assets.xcassets */,
				968A893A25CFC38A00BF356E /* LaunchScreen.storyboard */,
				968A893D25CFC38A00BF356E /* Info.plist */,
			);
			path = FirstPractice;
			sourceTree = "<group>";
		};
/* End PBXGroup section */

/* Begin PBXNativeTarget section */
		968A892B25CFC38900BF356E /* FirstPractice */ = {
			isa = PBXNativeTarget;
			buildConfigurationList = 968A894025CFC38A00BF356E /* Build configuration list for PBXNativeTarget "FirstPractice" */;
			buildPhases = (
				968A892825CFC38900BF356E /* Sources */,
				968A892925CFC38900BF356E /* Frameworks */,
				968A892A25CFC38900BF356E /* Resources */,
				96C12B3525D032AC007C463D /* Run Script */,
			);
			buildRules = (
			);
			dependencies = (
			);
			name = FirstPractice;
			productName = FirstPractice;
			productReference = 968A892C25CFC38900BF356E /* FirstPractice.app */;
			productType = "com.apple.product-type.application";
		};
/* End PBXNativeTarget section */

/* Begin PBXProject section */
		968A892425CFC38900BF356E /* Project object */ = {
			isa = PBXProject;
			attributes = {
				LastSwiftUpdateCheck = 1240;
				LastUpgradeCheck = 1240;
				TargetAttributes = {
					968A892B25CFC38900BF356E = {
						CreatedOnToolsVersion = 12.4;
					};
				};
			};
			buildConfigurationList = 968A892725CFC38900BF356E /* Build configuration list for PBXProject "FirstPractice" */;
			compatibilityVersion = "Xcode 9.3";
			developmentRegion = en;
			hasScannedForEncodings = 0;
			knownRegions = (
				en,
				Base,
				ja,
				ko,
			);
			mainGroup = 968A892325CFC38900BF356E;
			productRefGroup = 968A892D25CFC38900BF356E /* Products */;
			projectDirPath = "";
			projectRoot = "";
			targets = (
				968A892B25CFC38900BF356E /* FirstPractice */,
			);
		};
/* End PBXProject section */

/* Begin PBXResourcesBuildPhase section */
		968A892A25CFC38900BF356E /* Resources */ = {
			isa = PBXResourcesBuildPhase;
			buildActionMask = 2147483647;
			files = (
				968A893C25CFC38A00BF356E /* LaunchScreen.storyboard in Resources */,
				968A894B25CFC45B00BF356E /* Localizable.strings in Resources */,
				968A893925CFC38A00BF356E /* Assets.xcassets in Resources */,
				968A893725CFC38900BF356E /* Main.storyboard in Resources */,
			);
			runOnlyForDeploymentPostprocessing = 0;
		};
/* End PBXResourcesBuildPhase section */

/* Begin PBXShellScriptBuildPhase section */
		96C12B3525D032AC007C463D /* Run Script */ = {
			isa = PBXShellScriptBuildPhase;
			buildActionMask = 2147483647;
			files = (
			);
			inputFileListPaths = (
			);
			inputPaths = (
			);
			name = "Run Script";
			outputFileListPaths = (
			);
			outputPaths = (
			);
			runOnlyForDeploymentPostprocessing = 0;
			shellPath = /bin/sh;
			shellScript = "# Type a script or drag a script file from your workspace to insert its path.\n\n#for file in `\\find . -name \\*.storyboard`; do\n#    IFS=$'\\n'\n#    for xmlKey in `\\grep 'keyPath=\"localizedKey\"' ${file}`; do\n#        localizedKey=`echo $xmlKey | sed -e 's/.* keyPath=\"localizedKey\" value=\"\\([0-9a-zA-Z_-]*\\)\".*/\\1/g'`\n#        for localizedStringFile in `\\find ${SRCROOT} -name Localizable.strings`; do\n#            grep \"\\\"${localizedKey}\\\" =\" $localizedStringFile > /dev/null 2>&1\n#            if [ $? != 0 ]; then\n#                echo \"not exists key '${localizedKey}' in ${localizedStringFile}\"\n#                exit 1\n#            fi\n#        done\n#    done\n#done\n";
		};
/* End PBXShellScriptBuildPhase section */

/* Begin PBXSourcesBuildPhase section */
		968A892825CFC38900BF356E /* Sources */ = {
			isa = PBXSourcesBuildPhase;
			buildActionMask = 2147483647;
			files = (
				968A893425CFC38900BF356E /* ViewController.swift in Sources */,
				968A893025CFC38900BF356E /* AppDelegate.swift in Sources */,
				968A893225CFC38900BF356E /* SceneDelegate.swift in Sources */,
			);
			runOnlyForDeploymentPostprocessing = 0;
		};
/* End PBXSourcesBuildPhase section */

/* Begin PBXVariantGroup section */
		968A893525CFC38900BF356E /* Main.storyboard */ = {
			isa = PBXVariantGroup;
			children = (
				968A893625CFC38900BF356E /* Base */,
				968A894F25CFC47400BF356E /* ja */,
				968A895225CFC47A00BF356E /* ko */,
			);
			name = Main.storyboard;
			sourceTree = "<group>";
		};
		968A893A25CFC38A00BF356E /* LaunchScreen.storyboard */ = {
			isa = PBXVariantGroup;
			children = (
				968A893B25CFC38A00BF356E /* Base */,
				968A895025CFC47400BF356E /* ja */,
				968A895325CFC47A00BF356E /* ko */,
			);
			name = LaunchScreen.storyboard;
			sourceTree = "<group>";
		};
		968A894D25CFC45B00BF356E /* Localizable.strings */ = {
			isa = PBXVariantGroup;
			children = (
				968A894C25CFC45B00BF356E /* en */,
				968A895125CFC47400BF356E /* ja */,
				968A895425CFC47A00BF356E /* ko */,
			);
			name = Localizable.strings;
			sourceTree = "<group>";
		};
/* End PBXVariantGroup section */

/* Begin XCBuildConfiguration section */
		968A893E25CFC38A00BF356E /* Debug */ = {
			isa = XCBuildConfiguration;
			buildSettings = {
				ALWAYS_SEARCH_USER_PATHS = NO;
				CLANG_ANALYZER_LOCALIZABILITY_NONLOCALIZED = YES;
				CLANG_ANALYZER_NONNULL = YES;
				CLANG_ANALYZER_NUMBER_OBJECT_CONVERSION = YES_AGGRESSIVE;
				CLANG_CXX_LANGUAGE_STANDARD = "gnu++14";
				CLANG_CXX_LIBRARY = "libc++";
				CLANG_ENABLE_MODULES = YES;
				CLANG_ENABLE_OBJC_ARC = YES;
				CLANG_ENABLE_OBJC_WEAK = YES;
				CLANG_WARN_BLOCK_CAPTURE_AUTORELEASING = YES;
				CLANG_WARN_BOOL_CONVERSION = YES;
				CLANG_WARN_COMMA = YES;
				CLANG_WARN_CONSTANT_CONVERSION = YES;
				CLANG_WARN_DEPRECATED_OBJC_IMPLEMENTATIONS = YES;
				CLANG_WARN_DIRECT_OBJC_ISA_USAGE = YES_ERROR;
				CLANG_WARN_DOCUMENTATION_COMMENTS = YES;
				CLANG_WARN_EMPTY_BODY = YES;
				CLANG_WARN_ENUM_CONVERSION = YES;
				CLANG_WARN_INFINITE_RECURSION = YES;
				CLANG_WARN_INT_CONVERSION = YES;
				CLANG_WARN_NON_LITERAL_NULL_CONVERSION = YES;
				CLANG_WARN_OBJC_IMPLICIT_RETAIN_SELF = YES;
				CLANG_WARN_OBJC_LITERAL_CONVERSION = YES;
				CLANG_WARN_OBJC_ROOT_CLASS = YES_ERROR;
				CLANG_WARN_QUOTED_INCLUDE_IN_FRAMEWORK_HEADER = YES;
				CLANG_WARN_RANGE_LOOP_ANALYSIS = YES;
				CLANG_WARN_STRICT_PROTOTYPES = YES;
				CLANG_WARN_SUSPICIOUS_MOVE = YES;
				CLANG_WARN_UNGUARDED_AVAILABILITY = YES_AGGRESSIVE;
				CLANG_WARN_UNREACHABLE_CODE = YES;
				CLANG_WARN__DUPLICATE_METHOD_MATCH = YES;
				COPY_PHASE_STRIP = NO;
				DEBUG_INFORMATION_FORMAT = dwarf;
				ENABLE_STRICT_OBJC_MSGSEND = YES;
				ENABLE_TESTABILITY = YES;
				GCC_C_LANGUAGE_STANDARD = gnu11;
				GCC_DYNAMIC_NO_PIC = NO;
				GCC_NO_COMMON_BLOCKS = YES;
				GCC_OPTIMIZATION_LEVEL = 0;
				GCC_PREPROCESSOR_DEFINITIONS = (
					"DEBUG=1",
					"$(inherited)",
				);
				GCC_WARN_64_TO_32_BIT_CONVERSION = YES;
				GCC_WARN_ABOUT_RETURN_TYPE = YES_ERROR;
				GCC_WARN_UNDECLARED_SELECTOR = YES;
				GCC_WARN_UNINITIALIZED_AUTOS = YES_AGGRESSIVE;
				GCC_WARN_UNUSED_FUNCTION = YES;
				GCC_WARN_UNUSED_VARIABLE = YES;
				IPHONEOS_DEPLOYMENT_TARGET = 14.4;
				MTL_ENABLE_DEBUG_INFO = INCLUDE_SOURCE;
				MTL_FAST_MATH = YES;
				ONLY_ACTIVE_ARCH = YES;
				SDKROOT = iphoneos;
				SWIFT_ACTIVE_COMPILATION_CONDITIONS = DEBUG;
				SWIFT_OPTIMIZATION_LEVEL = "-Onone";
			};
			name = Debug;
		};
		968A893F25CFC38A00BF356E /* Release */ = {
			isa = XCBuildConfiguration;
			buildSettings = {
				ALWAYS_SEARCH_USER_PATHS = NO;
				CLANG_ANALYZER_LOCALIZABILITY_NONLOCALIZED = YES;
				CLANG_ANALYZER_NONNULL = YES;
				CLANG_ANALYZER_NUMBER_OBJECT_CONVERSION = YES_AGGRESSIVE;
				CLANG_CXX_LANGUAGE_STANDARD = "gnu++14";
				CLANG_CXX_LIBRARY = "libc++";
				CLANG_ENABLE_MODULES = YES;
				CLANG_ENABLE_OBJC_ARC = YES;
				CLANG_ENABLE_OBJC_WEAK = YES;
				CLANG_WARN_BLOCK_CAPTURE_AUTORELEASING = YES;
				CLANG_WARN_BOOL_CONVERSION = YES;
				CLANG_WARN_COMMA = YES;
				CLANG_WARN_CONSTANT_CONVERSION = YES;
				CLANG_WARN_DEPRECATED_OBJC_IMPLEMENTATIONS = YES;
				CLANG_WARN_DIRECT_OBJC_ISA_USAGE = YES_ERROR;
				CLANG_WARN_DOCUMENTATION_COMMENTS = YES;
				CLANG_WARN_EMPTY_BODY = YES;
				CLANG_WARN_ENUM_CONVERSION = YES;
				CLANG_WARN_INFINITE_RECURSION = YES;
				CLANG_WARN_INT_CONVERSION = YES;
				CLANG_WARN_NON_LITERAL_NULL_CONVERSION = YES;
				CLANG_WARN_OBJC_IMPLICIT_RETAIN_SELF = YES;
				CLANG_WARN_OBJC_LITERAL_CONVERSION = YES;
				CLANG_WARN_OBJC_ROOT_CLASS = YES_ERROR;
				CLANG_WARN_QUOTED_INCLUDE_IN_FRAMEWORK_HEADER = YES;
				CLANG_WARN_RANGE_LOOP_ANALYSIS = YES;
				CLANG_WARN_STRICT_PROTOTYPES = YES;
				CLANG_WARN_SUSPICIOUS_MOVE = YES;
				CLANG_WARN_UNGUARDED_AVAILABILITY = YES_AGGRESSIVE;
				CLANG_WARN_UNREACHABLE_CODE = YES;
				CLANG_WARN__DUPLICATE_METHOD_MATCH = YES;
				COPY_PHASE_STRIP = NO;
				DEBUG_INFORMATION_FORMAT = "dwarf-with-dsym";
				ENABLE_NS_ASSERTIONS = NO;
				ENABLE_STRICT_OBJC_MSGSEND = YES;
				GCC_C_LANGUAGE_STANDARD = gnu11;
				GCC_NO_COMMON_BLOCKS = YES;
				GCC_WARN_64_TO_32_BIT_CONVERSION = YES;
				GCC_WARN_ABOUT_RETURN_TYPE = YES_ERROR;
				GCC_WARN_UNDECLARED_SELECTOR = YES;
				GCC_WARN_UNINITIALIZED_AUTOS = YES_AGGRESSIVE;
				GCC_WARN_UNUSED_FUNCTION = YES;
				GCC_WARN_UNUSED_VARIABLE = YES;
				IPHONEOS_DEPLOYMENT_TARGET = 14.4;
				MTL_ENABLE_DEBUG_INFO = NO;
				MTL_FAST_MATH = YES;
				SDKROOT = iphoneos;
				SWIFT_COMPILATION_MODE = wholemodule;
				SWIFT_OPTIMIZATION_LEVEL = "-O";
				VALIDATE_PRODUCT = YES;
			};
			name = Release;
		};
		968A894125CFC38A00BF356E /* Debug */ = {
			isa = XCBuildConfiguration;
			buildSettings = {
				ASSETCATALOG_COMPILER_APPICON_NAME = AppIcon;
				ASSETCATALOG_COMPILER_GLOBAL_ACCENT_COLOR_NAME = AccentColor;
				CODE_SIGN_STYLE = Automatic;
				INFOPLIST_FILE = FirstPractice/Info.plist;
				LD_RUNPATH_SEARCH_PATHS = (
					"$(inherited)",
					"@executable_path/Frameworks",
				);
				PRODUCT_BUNDLE_IDENTIFIER = com.example.FirstPractice;
				PRODUCT_NAME = "$(TARGET_NAME)";
				SWIFT_VERSION = 5.0;
				TARGETED_DEVICE_FAMILY = "1,2";
			};
			name = Debug;
		};
		968A894225CFC38A00BF356E /* Release */ = {
			isa = XCBuildConfiguration;
			buildSettings = {
				ASSETCATALOG_COMPILER_APPICON_NAME = AppIcon;
				ASSETCATALOG_COMPILER_GLOBAL_ACCENT_COLOR_NAME = AccentColor;
				CODE_SIGN_STYLE = Automatic;
				INFOPLIST_FILE = FirstPractice/Info.plist;
				LD_RUNPATH_SEARCH_PATHS = (
					"$(inherited)",
					"@executable_path/Frameworks",
				);
				PRODUCT_BUNDLE_IDENTIFIER = com.example.FirstPractice;
				PRODUCT_NAME = "$(TARGET_NAME)";
				SWIFT_VERSION = 5.0;
				TARGETED_DEVICE_FAMILY = "1,2";
			};
			name = Release;
		};
/* End XCBuildConfiguration section */

/* Begin XCConfigurationList section */
		968A892725CFC38900BF356E /* Build configuration list for PBXProject "FirstPractice" */ = {
			isa = XCConfigurationList;
			buildConfigurations = (
				968A893E25CFC38A00BF356E /* Debug */,
				968A893F25CFC38A00BF356E /* Release */,
			);
			defaultConfigurationIsVisible = 0;
			defaultConfigurationName = Release;
		};
		968A894025CFC38A00BF356E /* Build configuration list for PBXNativeTarget "FirstPractice" */ = {
			isa = XCConfigurationList;
			buildConfigurations = (
				968A894125CFC38A00BF356E /* Debug */,
				968A894225CFC38A00BF356E /* Release */,
			);
			defaultConfigurationIsVisible = 0;
			defaultConfigurationName = Release;
		};
/* End XCConfigurationList section */
	};
	rootObject = 968A892425CFC38900BF356E /* Project object */;
}
