// !$*UTF8*$!
{
	archiveVersion = 1;
	classes = {
	};
	objectVersion = 50;
	objects = {

/* Begin PBXBuildFile section */
		9679088025D3C7D700F1A2D8 /* AppDelegate.swift in Sources */ = {isa = PBXBuildFile; fileRef = 9679087F25D3C7D700F1A2D8 /* AppDelegate.swift */; };
		9679088225D3C7D700F1A2D8 /* SceneDelegate.swift in Sources */ = {isa = PBXBuildFile; fileRef = 9679088125D3C7D700F1A2D8 /* SceneDelegate.swift */; };
		9679088425D3C7D700F1A2D8 /* ViewController.swift in Sources */ = {isa = PBXBuildFile; fileRef = 9679088325D3C7D700F1A2D8 /* ViewController.swift */; };
		9679088725D3C7D700F1A2D8 /* Main.storyboard in Resources */ = {isa = PBXBuildFile; fileRef = 9679088525D3C7D700F1A2D8 /* Main.storyboard */; };
		9679088925D3C7D700F1A2D8 /* Assets.xcassets in Resources */ = {isa = PBXBuildFile; fileRef = 9679088825D3C7D700F1A2D8 /* Assets.xcassets */; };
		9679088C25D3C7D700F1A2D8 /* LaunchScreen.storyboard in Resources */ = {isa = PBXBuildFile; fileRef = 9679088A25D3C7D700F1A2D8 /* LaunchScreen.storyboard */; };
		9679089625D3CB9500F1A2D8 /* SecondView.swift in Sources */ = {isa = PBXBuildFile; fileRef = 9679089525D3CB9500F1A2D8 /* SecondView.swift */; };
		9679089925D3CBAF00F1A2D8 /* ThirdView.swift in Sources */ = {isa = PBXBuildFile; fileRef = 9679089825D3CBAF00F1A2D8 /* ThirdView.swift */; };
/* End PBXBuildFile section */

/* Begin PBXFileReference section */
		9679087C25D3C7D700F1A2D8 /* TabBarController_42042.app */ = {isa = PBXFileReference; explicitFileType = wrapper.application; includeInIndex = 0; path = TabBarController_42042.app; sourceTree = BUILT_PRODUCTS_DIR; };
		9679087F25D3C7D700F1A2D8 /* AppDelegate.swift */ = {isa = PBXFileReference; lastKnownFileType = sourcecode.swift; path = AppDelegate.swift; sourceTree = "<group>"; };
		9679088125D3C7D700F1A2D8 /* SceneDelegate.swift */ = {isa = PBXFileReference; lastKnownFileType = sourcecode.swift; path = SceneDelegate.swift; sourceTree = "<group>"; };
		9679088325D3C7D700F1A2D8 /* ViewController.swift */ = {isa = PBXFileReference; lastKnownFileType = sourcecode.swift; path = ViewController.swift; sourceTree = "<group>"; };
		9679088625D3C7D700F1A2D8 /* Base */ = {isa = PBXFileReference; lastKnownFileType = file.storyboard; name = Base; path = Base.lproj/Main.storyboard; sourceTree = "<group>"; };
		9679088825D3C7D700F1A2D8 /* Assets.xcassets */ = {isa = PBXFileReference; lastKnownFileType = folder.assetcatalog; path = Assets.xcassets; sourceTree = "<group>"; };
		9679088B25D3C7D700F1A2D8 /* Base */ = {isa = PBXFileReference; lastKnownFileType = file.storyboard; name = Base; path = Base.lproj/LaunchScreen.storyboard; sourceTree = "<group>"; };
		9679088D25D3C7D700F1A2D8 /* Info.plist */ = {isa = PBXFileReference; lastKnownFileType = text.plist.xml; path = Info.plist; sourceTree = "<group>"; };
		9679089525D3CB9500F1A2D8 /* SecondView.swift */ = {isa = PBXFileReference; lastKnownFileType = sourcecode.swift; path = SecondView.swift; sourceTree = "<group>"; };
		9679089825D3CBAF00F1A2D8 /* ThirdView.swift */ = {isa = PBXFileReference; lastKnownFileType = sourcecode.swift; path = ThirdView.swift; sourceTree = "<group>"; };
/* End PBXFileReference section */

/* Begin PBXFrameworksBuildPhase section */
		9679087925D3C7D700F1A2D8 /* Frameworks */ = {
			isa = PBXFrameworksBuildPhase;
			buildActionMask = 2147483647;
			files = (
			);
			runOnlyForDeploymentPostprocessing = 0;
		};
/* End PBXFrameworksBuildPhase section */

/* Begin PBXGroup section */
		9679087325D3C7D700F1A2D8 = {
			isa = PBXGroup;
			children = (
				9679087E25D3C7D700F1A2D8 /* TabBarController_42042 */,
				9679087D25D3C7D700F1A2D8 /* Products */,
			);
			sourceTree = "<group>";
		};
		9679087D25D3C7D700F1A2D8 /* Products */ = {
			isa = PBXGroup;
			children = (
				9679087C25D3C7D700F1A2D8 /* TabBarController_42042.app */,
			);
			name = Products;
			sourceTree = "<group>";
		};
		9679087E25D3C7D700F1A2D8 /* TabBarController_42042 */ = {
			isa = PBXGroup;
			children = (
				9679087F25D3C7D700F1A2D8 /* AppDelegate.swift */,
				9679088125D3C7D700F1A2D8 /* SceneDelegate.swift */,
				9679088325D3C7D700F1A2D8 /* ViewController.swift */,
				9679089525D3CB9500F1A2D8 /* SecondView.swift */,
				9679088525D3C7D700F1A2D8 /* Main.storyboard */,
				9679088825D3C7D700F1A2D8 /* Assets.xcassets */,
				9679088A25D3C7D700F1A2D8 /* LaunchScreen.storyboard */,
				9679088D25D3C7D700F1A2D8 /* Info.plist */,
				9679089825D3CBAF00F1A2D8 /* ThirdView.swift */,
			);
			path = TabBarController_42042;
			sourceTree = "<group>";
		};
/* End PBXGroup section */

/* Begin PBXNativeTarget section */
		9679087B25D3C7D700F1A2D8 /* TabBarController_42042 */ = {
			isa = PBXNativeTarget;
			buildConfigurationList = 9679089025D3C7D700F1A2D8 /* Build configuration list for PBXNativeTarget "TabBarController_42042" */;
			buildPhases = (
				9679087825D3C7D700F1A2D8 /* Sources */,
				9679087925D3C7D700F1A2D8 /* Frameworks */,
				9679087A25D3C7D700F1A2D8 /* Resources */,
			);
			buildRules = (
			);
			dependencies = (
			);
			name = TabBarController_42042;
			productName = TabBarController_42042;
			productReference = 9679087C25D3C7D700F1A2D8 /* TabBarController_42042.app */;
			productType = "com.apple.product-type.application";
		};
/* End PBXNativeTarget section */

/* Begin PBXProject section */
		9679087425D3C7D700F1A2D8 /* Project object */ = {
			isa = PBXProject;
			attributes = {
				LastSwiftUpdateCheck = 1240;
				LastUpgradeCheck = 1240;
				TargetAttributes = {
					9679087B25D3C7D700F1A2D8 = {
						CreatedOnToolsVersion = 12.4;
					};
				};
			};
			buildConfigurationList = 9679087725D3C7D700F1A2D8 /* Build configuration list for PBXProject "TabBarController_42042" */;
			compatibilityVersion = "Xcode 9.3";
			developmentRegion = en;
			hasScannedForEncodings = 0;
			knownRegions = (
				en,
				Base,
			);
			mainGroup = 9679087325D3C7D700F1A2D8;
			productRefGroup = 9679087D25D3C7D700F1A2D8 /* Products */;
			projectDirPath = "";
			projectRoot = "";
			targets = (
				9679087B25D3C7D700F1A2D8 /* TabBarController_42042 */,
			);
		};
/* End PBXProject section */

/* Begin PBXResourcesBuildPhase section */
		9679087A25D3C7D700F1A2D8 /* Resources */ = {
			isa = PBXResourcesBuildPhase;
			buildActionMask = 2147483647;
			files = (
				9679088C25D3C7D700F1A2D8 /* LaunchScreen.storyboard in Resources */,
				9679088925D3C7D700F1A2D8 /* Assets.xcassets in Resources */,
				9679088725D3C7D700F1A2D8 /* Main.storyboard in Resources */,
			);
			runOnlyForDeploymentPostprocessing = 0;
		};
/* End PBXResourcesBuildPhase section */

/* Begin PBXSourcesBuildPhase section */
		9679087825D3C7D700F1A2D8 /* Sources */ = {
			isa = PBXSourcesBuildPhase;
			buildActionMask = 2147483647;
			files = (
				9679088425D3C7D700F1A2D8 /* ViewController.swift in Sources */,
				9679089925D3CBAF00F1A2D8 /* ThirdView.swift in Sources */,
				9679088025D3C7D700F1A2D8 /* AppDelegate.swift in Sources */,
				9679089625D3CB9500F1A2D8 /* SecondView.swift in Sources */,
				9679088225D3C7D700F1A2D8 /* SceneDelegate.swift in Sources */,
			);
			runOnlyForDeploymentPostprocessing = 0;
		};
/* End PBXSourcesBuildPhase section */

/* Begin PBXVariantGroup section */
		9679088525D3C7D700F1A2D8 /* Main.storyboard */ = {
			isa = PBXVariantGroup;
			children = (
				9679088625D3C7D700F1A2D8 /* Base */,
			);
			name = Main.storyboard;
			sourceTree = "<group>";
		};
		9679088A25D3C7D700F1A2D8 /* LaunchScreen.storyboard */ = {
			isa = PBXVariantGroup;
			children = (
				9679088B25D3C7D700F1A2D8 /* Base */,
			);
			name = LaunchScreen.storyboard;
			sourceTree = "<group>";
		};
/* End PBXVariantGroup section */

/* Begin XCBuildConfiguration section */
		9679088E25D3C7D700F1A2D8 /* Debug */ = {
			isa = XCBuildConfiguration;
			buildSettings = {
				ALWAYS_SEARCH_USER_PATHS = NO;
				CLANG_ANALYZER_NONNULL = YES;
				CLANG_ANALYZER_NUMBER_OBJECT_CONVERSION = YES_AGGRESSIVE;
				CLANG_CXX_LANGUAGE_STANDARD = "gnu++14";
				CLANG_CXX_LIBRARY = "libc++";
				CLANG_ENABLE_MODULES = YES;
				CLANG_ENABLE_OBJC_ARC = YES;
				CLANG_ENABLE_OBJC_WEAK = YES;
				CLANG_WARN_BLOCK_CAPTURE_AUTORELEASING = YES;
				CLANG_WARN_BOOL_CONVERSION = YES;
				CLANG_WARN_COMMA = YES;
				CLANG_WARN_CONSTANT_CONVERSION = YES;
				CLANG_WARN_DEPRECATED_OBJC_IMPLEMENTATIONS = YES;
				CLANG_WARN_DIRECT_OBJC_ISA_USAGE = YES_ERROR;
				CLANG_WARN_DOCUMENTATION_COMMENTS = YES;
				CLANG_WARN_EMPTY_BODY = YES;
				CLANG_WARN_ENUM_CONVERSION = YES;
				CLANG_WARN_INFINITE_RECURSION = YES;
				CLANG_WARN_INT_CONVERSION = YES;
				CLANG_WARN_NON_LITERAL_NULL_CONVERSION = YES;
				CLANG_WARN_OBJC_IMPLICIT_RETAIN_SELF = YES;
				CLANG_WARN_OBJC_LITERAL_CONVERSION = YES;
				CLANG_WARN_OBJC_ROOT_CLASS = YES_ERROR;
				CLANG_WARN_QUOTED_INCLUDE_IN_FRAMEWORK_HEADER = YES;
				CLANG_WARN_RANGE_LOOP_ANALYSIS = YES;
				CLANG_WARN_STRICT_PROTOTYPES = YES;
				CLANG_WARN_SUSPICIOUS_MOVE = YES;
				CLANG_WARN_UNGUARDED_AVAILABILITY = YES_AGGRESSIVE;
				CLANG_WARN_UNREACHABLE_CODE = YES;
				CLANG_WARN__DUPLICATE_METHOD_MATCH = YES;
				COPY_PHASE_STRIP = NO;
				DEBUG_INFORMATION_FORMAT = dwarf;
				ENABLE_STRICT_OBJC_MSGSEND = YES;
				ENABLE_TESTABILITY = YES;
				GCC_C_LANGUAGE_STANDARD = gnu11;
				GCC_DYNAMIC_NO_PIC = NO;
				GCC_NO_COMMON_BLOCKS = YES;
				GCC_OPTIMIZATION_LEVEL = 0;
				GCC_PREPROCESSOR_DEFINITIONS = (
					"DEBUG=1",
					"$(inherited)",
				);
				GCC_WARN_64_TO_32_BIT_CONVERSION = YES;
				GCC_WARN_ABOUT_RETURN_TYPE = YES_ERROR;
				GCC_WARN_UNDECLARED_SELECTOR = YES;
				GCC_WARN_UNINITIALIZED_AUTOS = YES_AGGRESSIVE;
				GCC_WARN_UNUSED_FUNCTION = YES;
				GCC_WARN_UNUSED_VARIABLE = YES;
				IPHONEOS_DEPLOYMENT_TARGET = 14.4;
				MTL_ENABLE_DEBUG_INFO = INCLUDE_SOURCE;
				MTL_FAST_MATH = YES;
				ONLY_ACTIVE_ARCH = YES;
				SDKROOT = iphoneos;
				SWIFT_ACTIVE_COMPILATION_CONDITIONS = DEBUG;
				SWIFT_OPTIMIZATION_LEVEL = "-Onone";
			};
			name = Debug;
		};
		9679088F25D3C7D700F1A2D8 /* Release */ = {
			isa = XCBuildConfiguration;
			buildSettings = {
				ALWAYS_SEARCH_USER_PATHS = NO;
				CLANG_ANALYZER_NONNULL = YES;
				CLANG_ANALYZER_NUMBER_OBJECT_CONVERSION = YES_AGGRESSIVE;
				CLANG_CXX_LANGUAGE_STANDARD = "gnu++14";
				CLANG_CXX_LIBRARY = "libc++";
				CLANG_ENABLE_MODULES = YES;
				CLANG_ENABLE_OBJC_ARC = YES;
				CLANG_ENABLE_OBJC_WEAK = YES;
				CLANG_WARN_BLOCK_CAPTURE_AUTORELEASING = YES;
				CLANG_WARN_BOOL_CONVERSION = YES;
				CLANG_WARN_COMMA = YES;
				CLANG_WARN_CONSTANT_CONVERSION = YES;
				CLANG_WARN_DEPRECATED_OBJC_IMPLEMENTATIONS = YES;
				CLANG_WARN_DIRECT_OBJC_ISA_USAGE = YES_ERROR;
				CLANG_WARN_DOCUMENTATION_COMMENTS = YES;
				CLANG_WARN_EMPTY_BODY = YES;
				CLANG_WARN_ENUM_CONVERSION = YES;
				CLANG_WARN_INFINITE_RECURSION = YES;
				CLANG_WARN_INT_CONVERSION = YES;
				CLANG_WARN_NON_LITERAL_NULL_CONVERSION = YES;
				CLANG_WARN_OBJC_IMPLICIT_RETAIN_SELF = YES;
				CLANG_WARN_OBJC_LITERAL_CONVERSION = YES;
				CLANG_WARN_OBJC_ROOT_CLASS = YES_ERROR;
				CLANG_WARN_QUOTED_INCLUDE_IN_FRAMEWORK_HEADER = YES;
				CLANG_WARN_RANGE_LOOP_ANALYSIS = YES;
				CLANG_WARN_STRICT_PROTOTYPES = YES;
				CLANG_WARN_SUSPICIOUS_MOVE = YES;
				CLANG_WARN_UNGUARDED_AVAILABILITY = YES_AGGRESSIVE;
				CLANG_WARN_UNREACHABLE_CODE = YES;
				CLANG_WARN__DUPLICATE_METHOD_MATCH = YES;
				COPY_PHASE_STRIP = NO;
				DEBUG_INFORMATION_FORMAT = "dwarf-with-dsym";
				ENABLE_NS_ASSERTIONS = NO;
				ENABLE_STRICT_OBJC_MSGSEND = YES;
				GCC_C_LANGUAGE_STANDARD = gnu11;
				GCC_NO_COMMON_BLOCKS = YES;
				GCC_WARN_64_TO_32_BIT_CONVERSION = YES;
				GCC_WARN_ABOUT_RETURN_TYPE = YES_ERROR;
				GCC_WARN_UNDECLARED_SELECTOR = YES;
				GCC_WARN_UNINITIALIZED_AUTOS = YES_AGGRESSIVE;
				GCC_WARN_UNUSED_FUNCTION = YES;
				GCC_WARN_UNUSED_VARIABLE = YES;
				IPHONEOS_DEPLOYMENT_TARGET = 14.4;
				MTL_ENABLE_DEBUG_INFO = NO;
				MTL_FAST_MATH = YES;
				SDKROOT = iphoneos;
				SWIFT_COMPILATION_MODE = wholemodule;
				SWIFT_OPTIMIZATION_LEVEL = "-O";
				VALIDATE_PRODUCT = YES;
			};
			name = Release;
		};
		9679089125D3C7D700F1A2D8 /* Debug */ = {
			isa = XCBuildConfiguration;
			buildSettings = {
				ASSETCATALOG_COMPILER_APPICON_NAME = AppIcon;
				ASSETCATALOG_COMPILER_GLOBAL_ACCENT_COLOR_NAME = AccentColor;
				CODE_SIGN_STYLE = Automatic;
				INFOPLIST_FILE = TabBarController_42042/Info.plist;
				IPHONEOS_DEPLOYMENT_TARGET = 13.0;
				LD_RUNPATH_SEARCH_PATHS = (
					"$(inherited)",
					"@executable_path/Frameworks",
				);
				PRODUCT_BUNDLE_IDENTIFIER = "com.example.TabBarController-42042";
				PRODUCT_NAME = "$(TARGET_NAME)";
				SWIFT_VERSION = 5.0;
				TARGETED_DEVICE_FAMILY = "1,2";
			};
			name = Debug;
		};
		9679089225D3C7D700F1A2D8 /* Release */ = {
			isa = XCBuildConfiguration;
			buildSettings = {
				ASSETCATALOG_COMPILER_APPICON_NAME = AppIcon;
				ASSETCATALOG_COMPILER_GLOBAL_ACCENT_COLOR_NAME = AccentColor;
				CODE_SIGN_STYLE = Automatic;
				INFOPLIST_FILE = TabBarController_42042/Info.plist;
				IPHONEOS_DEPLOYMENT_TARGET = 13.0;
				LD_RUNPATH_SEARCH_PATHS = (
					"$(inherited)",
					"@executable_path/Frameworks",
				);
				PRODUCT_BUNDLE_IDENTIFIER = "com.example.TabBarController-42042";
				PRODUCT_NAME = "$(TARGET_NAME)";
				SWIFT_VERSION = 5.0;
				TARGETED_DEVICE_FAMILY = "1,2";
			};
			name = Release;
		};
/* End XCBuildConfiguration section */

/* Begin XCConfigurationList section */
		9679087725D3C7D700F1A2D8 /* Build configuration list for PBXProject "TabBarController_42042" */ = {
			isa = XCConfigurationList;
			buildConfigurations = (
				9679088E25D3C7D700F1A2D8 /* Debug */,
				9679088F25D3C7D700F1A2D8 /* Release */,
			);
			defaultConfigurationIsVisible = 0;
			defaultConfigurationName = Release;
		};
		9679089025D3C7D700F1A2D8 /* Build configuration list for PBXNativeTarget "TabBarController_42042" */ = {
			isa = XCConfigurationList;
			buildConfigurations = (
				9679089125D3C7D700F1A2D8 /* Debug */,
				9679089225D3C7D700F1A2D8 /* Release */,
			);
			defaultConfigurationIsVisible = 0;
			defaultConfigurationName = Release;
		};
/* End XCConfigurationList section */
	};
	rootObject = 9679087425D3C7D700F1A2D8 /* Project object */;
}
