// !$*UTF8*$!
{
	archiveVersion = 1;
	classes = {
	};
	objectVersion = 51;
	objects = {

/* Begin PBXBuildFile section */
		6619BA1F383A5D4B013037C1 /* Pods_tesseractOCRTests.framework in Frameworks */ = {isa = PBXBuildFile; fileRef = E7C3E77789D744B9B6FE260E /* Pods_tesseractOCRTests.framework */; };
		960BFEED2654F76E00754505 /* tessdata in Resources */ = {isa = PBXBuildFile; fileRef = 960BFEEC2654F76E00754505 /* tessdata */; };
		965238CE2654E3900044EE92 /* AppDelegate.swift in Sources */ = {isa = PBXBuildFile; fileRef = 965238CD2654E3900044EE92 /* AppDelegate.swift */; };
		965238D02654E3900044EE92 /* SceneDelegate.swift in Sources */ = {isa = PBXBuildFile; fileRef = 965238CF2654E3900044EE92 /* SceneDelegate.swift */; };
		965238D22654E3900044EE92 /* ViewController.swift in Sources */ = {isa = PBXBuildFile; fileRef = 965238D12654E3900044EE92 /* ViewController.swift */; };
		965238D52654E3900044EE92 /* Main.storyboard in Resources */ = {isa = PBXBuildFile; fileRef = 965238D32654E3900044EE92 /* Main.storyboard */; };
		965238D82654E3900044EE92 /* tesseractOCR.xcdatamodeld in Sources */ = {isa = PBXBuildFile; fileRef = 965238D62654E3900044EE92 /* tesseractOCR.xcdatamodeld */; };
		965238DA2654E3910044EE92 /* Assets.xcassets in Resources */ = {isa = PBXBuildFile; fileRef = 965238D92654E3910044EE92 /* Assets.xcassets */; };
		965238DD2654E3910044EE92 /* LaunchScreen.storyboard in Resources */ = {isa = PBXBuildFile; fileRef = 965238DB2654E3910044EE92 /* LaunchScreen.storyboard */; };
		965238E82654E3910044EE92 /* tesseractOCRTests.swift in Sources */ = {isa = PBXBuildFile; fileRef = 965238E72654E3910044EE92 /* tesseractOCRTests.swift */; };
		965238F32654E3910044EE92 /* tesseractOCRUITests.swift in Sources */ = {isa = PBXBuildFile; fileRef = 965238F22654E3910044EE92 /* tesseractOCRUITests.swift */; };
		965239012654E9B00044EE92 /* OCRaction.swift in Sources */ = {isa = PBXBuildFile; fileRef = 965239002654E9B00044EE92 /* OCRaction.swift */; };
		9F8BDE3FAD08F6D22C7C2614 /* Pods_tesseractOCR_tesseractOCRUITests.framework in Frameworks */ = {isa = PBXBuildFile; fileRef = 141DD2480D2058BEC56F3196 /* Pods_tesseractOCR_tesseractOCRUITests.framework */; };
		F068E909C7F1139BDB850FE9 /* Pods_tesseractOCR.framework in Frameworks */ = {isa = PBXBuildFile; fileRef = 9C02135752EC31A462421064 /* Pods_tesseractOCR.framework */; };
/* End PBXBuildFile section */

/* Begin PBXContainerItemProxy section */
		965238E42654E3910044EE92 /* PBXContainerItemProxy */ = {
			isa = PBXContainerItemProxy;
			containerPortal = 965238C22654E3900044EE92 /* Project object */;
			proxyType = 1;
			remoteGlobalIDString = 965238C92654E3900044EE92;
			remoteInfo = tesseractOCR;
		};
		965238EF2654E3910044EE92 /* PBXContainerItemProxy */ = {
			isa = PBXContainerItemProxy;
			containerPortal = 965238C22654E3900044EE92 /* Project object */;
			proxyType = 1;
			remoteGlobalIDString = 965238C92654E3900044EE92;
			remoteInfo = tesseractOCR;
		};
/* End PBXContainerItemProxy section */

/* Begin PBXFileReference section */
		072ACC0744BE6A88394316F4 /* Pods-tesseractOCRTests.release.xcconfig */ = {isa = PBXFileReference; includeInIndex = 1; lastKnownFileType = text.xcconfig; name = "Pods-tesseractOCRTests.release.xcconfig"; path = "Target Support Files/Pods-tesseractOCRTests/Pods-tesseractOCRTests.release.xcconfig"; sourceTree = "<group>"; };
		141DD2480D2058BEC56F3196 /* Pods_tesseractOCR_tesseractOCRUITests.framework */ = {isa = PBXFileReference; explicitFileType = wrapper.framework; includeInIndex = 0; path = Pods_tesseractOCR_tesseractOCRUITests.framework; sourceTree = BUILT_PRODUCTS_DIR; };
		369EA8FEADBF40FF4E8581C3 /* Pods-tesseractOCR.release.xcconfig */ = {isa = PBXFileReference; includeInIndex = 1; lastKnownFileType = text.xcconfig; name = "Pods-tesseractOCR.release.xcconfig"; path = "Target Support Files/Pods-tesseractOCR/Pods-tesseractOCR.release.xcconfig"; sourceTree = "<group>"; };
		3E8852A7C80A0E36E8708A7D /* Pods-tesseractOCR-tesseractOCRUITests.debug.xcconfig */ = {isa = PBXFileReference; includeInIndex = 1; lastKnownFileType = text.xcconfig; name = "Pods-tesseractOCR-tesseractOCRUITests.debug.xcconfig"; path = "Target Support Files/Pods-tesseractOCR-tesseractOCRUITests/Pods-tesseractOCR-tesseractOCRUITests.debug.xcconfig"; sourceTree = "<group>"; };
		53BEE5FBDBC4858B93364C3C /* Pods-tesseractOCRTests.debug.xcconfig */ = {isa = PBXFileReference; includeInIndex = 1; lastKnownFileType = text.xcconfig; name = "Pods-tesseractOCRTests.debug.xcconfig"; path = "Target Support Files/Pods-tesseractOCRTests/Pods-tesseractOCRTests.debug.xcconfig"; sourceTree = "<group>"; };
		746461F6F09534B407D00DB9 /* Pods-tesseractOCR.debug.xcconfig */ = {isa = PBXFileReference; includeInIndex = 1; lastKnownFileType = text.xcconfig; name = "Pods-tesseractOCR.debug.xcconfig"; path = "Target Support Files/Pods-tesseractOCR/Pods-tesseractOCR.debug.xcconfig"; sourceTree = "<group>"; };
		960BFEEC2654F76E00754505 /* tessdata */ = {isa = PBXFileReference; lastKnownFileType = folder; path = tessdata; sourceTree = "<group>"; };
		965238CA2654E3900044EE92 /* tesseractOCR.app */ = {isa = PBXFileReference; explicitFileType = wrapper.application; includeInIndex = 0; path = tesseractOCR.app; sourceTree = BUILT_PRODUCTS_DIR; };
		965238CD2654E3900044EE92 /* AppDelegate.swift */ = {isa = PBXFileReference; lastKnownFileType = sourcecode.swift; path = AppDelegate.swift; sourceTree = "<group>"; };
		965238CF2654E3900044EE92 /* SceneDelegate.swift */ = {isa = PBXFileReference; lastKnownFileType = sourcecode.swift; path = SceneDelegate.swift; sourceTree = "<group>"; };
		965238D12654E3900044EE92 /* ViewController.swift */ = {isa = PBXFileReference; lastKnownFileType = sourcecode.swift; path = ViewController.swift; sourceTree = "<group>"; };
		965238D42654E3900044EE92 /* Base */ = {isa = PBXFileReference; lastKnownFileType = file.storyboard; name = Base; path = Base.lproj/Main.storyboard; sourceTree = "<group>"; };
		965238D72654E3900044EE92 /* tesseractOCR.xcdatamodel */ = {isa = PBXFileReference; lastKnownFileType = wrapper.xcdatamodel; path = tesseractOCR.xcdatamodel; sourceTree = "<group>"; };
		965238D92654E3910044EE92 /* Assets.xcassets */ = {isa = PBXFileReference; lastKnownFileType = folder.assetcatalog; path = Assets.xcassets; sourceTree = "<group>"; };
		965238DC2654E3910044EE92 /* Base */ = {isa = PBXFileReference; lastKnownFileType = file.storyboard; name = Base; path = Base.lproj/LaunchScreen.storyboard; sourceTree = "<group>"; };
		965238DE2654E3910044EE92 /* Info.plist */ = {isa = PBXFileReference; lastKnownFileType = text.plist.xml; path = Info.plist; sourceTree = "<group>"; };
		965238E32654E3910044EE92 /* tesseractOCRTests.xctest */ = {isa = PBXFileReference; explicitFileType = wrapper.cfbundle; includeInIndex = 0; path = tesseractOCRTests.xctest; sourceTree = BUILT_PRODUCTS_DIR; };
		965238E72654E3910044EE92 /* tesseractOCRTests.swift */ = {isa = PBXFileReference; lastKnownFileType = sourcecode.swift; path = tesseractOCRTests.swift; sourceTree = "<group>"; };
		965238E92654E3910044EE92 /* Info.plist */ = {isa = PBXFileReference; lastKnownFileType = text.plist.xml; path = Info.plist; sourceTree = "<group>"; };
		965238EE2654E3910044EE92 /* tesseractOCRUITests.xctest */ = {isa = PBXFileReference; explicitFileType = wrapper.cfbundle; includeInIndex = 0; path = tesseractOCRUITests.xctest; sourceTree = BUILT_PRODUCTS_DIR; };
		965238F22654E3910044EE92 /* tesseractOCRUITests.swift */ = {isa = PBXFileReference; lastKnownFileType = sourcecode.swift; path = tesseractOCRUITests.swift; sourceTree = "<group>"; };
		965238F42654E3910044EE92 /* Info.plist */ = {isa = PBXFileReference; lastKnownFileType = text.plist.xml; path = Info.plist; sourceTree = "<group>"; };
		965239002654E9B00044EE92 /* OCRaction.swift */ = {isa = PBXFileReference; lastKnownFileType = sourcecode.swift; path = OCRaction.swift; sourceTree = "<group>"; };
		9C02135752EC31A462421064 /* Pods_tesseractOCR.framework */ = {isa = PBXFileReference; explicitFileType = wrapper.framework; includeInIndex = 0; path = Pods_tesseractOCR.framework; sourceTree = BUILT_PRODUCTS_DIR; };
		E140E73CAA81481DFF35ED52 /* Pods-tesseractOCR-tesseractOCRUITests.release.xcconfig */ = {isa = PBXFileReference; includeInIndex = 1; lastKnownFileType = text.xcconfig; name = "Pods-tesseractOCR-tesseractOCRUITests.release.xcconfig"; path = "Target Support Files/Pods-tesseractOCR-tesseractOCRUITests/Pods-tesseractOCR-tesseractOCRUITests.release.xcconfig"; sourceTree = "<group>"; };
		E7C3E77789D744B9B6FE260E /* Pods_tesseractOCRTests.framework */ = {isa = PBXFileReference; explicitFileType = wrapper.framework; includeInIndex = 0; path = Pods_tesseractOCRTests.framework; sourceTree = BUILT_PRODUCTS_DIR; };
/* End PBXFileReference section */

/* Begin PBXFrameworksBuildPhase section */
		965238C72654E3900044EE92 /* Frameworks */ = {
			isa = PBXFrameworksBuildPhase;
			buildActionMask = 2147483647;
			files = (
				F068E909C7F1139BDB850FE9 /* Pods_tesseractOCR.framework in Frameworks */,
			);
			runOnlyForDeploymentPostprocessing = 0;
		};
		965238E02654E3910044EE92 /* Frameworks */ = {
			isa = PBXFrameworksBuildPhase;
			buildActionMask = 2147483647;
			files = (
				6619BA1F383A5D4B013037C1 /* Pods_tesseractOCRTests.framework in Frameworks */,
			);
			runOnlyForDeploymentPostprocessing = 0;
		};
		965238EB2654E3910044EE92 /* Frameworks */ = {
			isa = PBXFrameworksBuildPhase;
			buildActionMask = 2147483647;
			files = (
				9F8BDE3FAD08F6D22C7C2614 /* Pods_tesseractOCR_tesseractOCRUITests.framework in Frameworks */,
			);
			runOnlyForDeploymentPostprocessing = 0;
		};
/* End PBXFrameworksBuildPhase section */

/* Begin PBXGroup section */
		698181B715EC5B30B8768765 /* Frameworks */ = {
			isa = PBXGroup;
			children = (
				9C02135752EC31A462421064 /* Pods_tesseractOCR.framework */,
				141DD2480D2058BEC56F3196 /* Pods_tesseractOCR_tesseractOCRUITests.framework */,
				E7C3E77789D744B9B6FE260E /* Pods_tesseractOCRTests.framework */,
			);
			name = Frameworks;
			sourceTree = "<group>";
		};
		965238C12654E3900044EE92 = {
			isa = PBXGroup;
			children = (
				965238CC2654E3900044EE92 /* tesseractOCR */,
				965238E62654E3910044EE92 /* tesseractOCRTests */,
				965238F12654E3910044EE92 /* tesseractOCRUITests */,
				965238CB2654E3900044EE92 /* Products */,
				C4BF77003342C94869806AA4 /* Pods */,
				698181B715EC5B30B8768765 /* Frameworks */,
			);
			sourceTree = "<group>";
		};
		965238CB2654E3900044EE92 /* Products */ = {
			isa = PBXGroup;
			children = (
				965238CA2654E3900044EE92 /* tesseractOCR.app */,
				965238E32654E3910044EE92 /* tesseractOCRTests.xctest */,
				965238EE2654E3910044EE92 /* tesseractOCRUITests.xctest */,
			);
			name = Products;
			sourceTree = "<group>";
		};
		965238CC2654E3900044EE92 /* tesseractOCR */ = {
			isa = PBXGroup;
			children = (
				960BFEEC2654F76E00754505 /* tessdata */,
				965238CD2654E3900044EE92 /* AppDelegate.swift */,
				965238CF2654E3900044EE92 /* SceneDelegate.swift */,
				965238D12654E3900044EE92 /* ViewController.swift */,
				965238D32654E3900044EE92 /* Main.storyboard */,
				965238D92654E3910044EE92 /* Assets.xcassets */,
				965238DB2654E3910044EE92 /* LaunchScreen.storyboard */,
				965238DE2654E3910044EE92 /* Info.plist */,
				965238D62654E3900044EE92 /* tesseractOCR.xcdatamodeld */,
				965239002654E9B00044EE92 /* OCRaction.swift */,
			);
			path = tesseractOCR;
			sourceTree = "<group>";
		};
		965238E62654E3910044EE92 /* tesseractOCRTests */ = {
			isa = PBXGroup;
			children = (
				965238E72654E3910044EE92 /* tesseractOCRTests.swift */,
				965238E92654E3910044EE92 /* Info.plist */,
			);
			path = tesseractOCRTests;
			sourceTree = "<group>";
		};
		965238F12654E3910044EE92 /* tesseractOCRUITests */ = {
			isa = PBXGroup;
			children = (
				965238F22654E3910044EE92 /* tesseractOCRUITests.swift */,
				965238F42654E3910044EE92 /* Info.plist */,
			);
			path = tesseractOCRUITests;
			sourceTree = "<group>";
		};
		C4BF77003342C94869806AA4 /* Pods */ = {
			isa = PBXGroup;
			children = (
				746461F6F09534B407D00DB9 /* Pods-tesseractOCR.debug.xcconfig */,
				369EA8FEADBF40FF4E8581C3 /* Pods-tesseractOCR.release.xcconfig */,
				3E8852A7C80A0E36E8708A7D /* Pods-tesseractOCR-tesseractOCRUITests.debug.xcconfig */,
				E140E73CAA81481DFF35ED52 /* Pods-tesseractOCR-tesseractOCRUITests.release.xcconfig */,
				53BEE5FBDBC4858B93364C3C /* Pods-tesseractOCRTests.debug.xcconfig */,
				072ACC0744BE6A88394316F4 /* Pods-tesseractOCRTests.release.xcconfig */,
			);
			path = Pods;
			sourceTree = "<group>";
		};
/* End PBXGroup section */

/* Begin PBXNativeTarget section */
		965238C92654E3900044EE92 /* tesseractOCR */ = {
			isa = PBXNativeTarget;
			buildConfigurationList = 965238F72654E3910044EE92 /* Build configuration list for PBXNativeTarget "tesseractOCR" */;
			buildPhases = (
				BFBA8289E32718CE8B358897 /* [CP] Check Pods Manifest.lock */,
				965238C62654E3900044EE92 /* Sources */,
				965238C72654E3900044EE92 /* Frameworks */,
				965238C82654E3900044EE92 /* Resources */,
				0B1F5FE9265B027F598BC2E8 /* [CP] Embed Pods Frameworks */,
			);
			buildRules = (
			);
			dependencies = (
			);
			name = tesseractOCR;
			productName = tesseractOCR;
			productReference = 965238CA2654E3900044EE92 /* tesseractOCR.app */;
			productType = "com.apple.product-type.application";
		};
		965238E22654E3910044EE92 /* tesseractOCRTests */ = {
			isa = PBXNativeTarget;
			buildConfigurationList = 965238FA2654E3910044EE92 /* Build configuration list for PBXNativeTarget "tesseractOCRTests" */;
			buildPhases = (
				5D333DF5F85C186714F72FE5 /* [CP] Check Pods Manifest.lock */,
				965238DF2654E3910044EE92 /* Sources */,
				965238E02654E3910044EE92 /* Frameworks */,
				965238E12654E3910044EE92 /* Resources */,
			);
			buildRules = (
			);
			dependencies = (
				965238E52654E3910044EE92 /* PBXTargetDependency */,
			);
			name = tesseractOCRTests;
			productName = tesseractOCRTests;
			productReference = 965238E32654E3910044EE92 /* tesseractOCRTests.xctest */;
			productType = "com.apple.product-type.bundle.unit-test";
		};
		965238ED2654E3910044EE92 /* tesseractOCRUITests */ = {
			isa = PBXNativeTarget;
			buildConfigurationList = 965238FD2654E3910044EE92 /* Build configuration list for PBXNativeTarget "tesseractOCRUITests" */;
			buildPhases = (
				FC3A50C265C0DB4E9A1A50E8 /* [CP] Check Pods Manifest.lock */,
				965238EA2654E3910044EE92 /* Sources */,
				965238EB2654E3910044EE92 /* Frameworks */,
				965238EC2654E3910044EE92 /* Resources */,
				A1690966C524E8B0625C47A1 /* [CP] Embed Pods Frameworks */,
			);
			buildRules = (
			);
			dependencies = (
				965238F02654E3910044EE92 /* PBXTargetDependency */,
			);
			name = tesseractOCRUITests;
			productName = tesseractOCRUITests;
			productReference = 965238EE2654E3910044EE92 /* tesseractOCRUITests.xctest */;
			productType = "com.apple.product-type.bundle.ui-testing";
		};
/* End PBXNativeTarget section */

/* Begin PBXProject section */
		965238C22654E3900044EE92 /* Project object */ = {
			isa = PBXProject;
			attributes = {
				LastSwiftUpdateCheck = 1250;
				LastUpgradeCheck = 1250;
				TargetAttributes = {
					965238C92654E3900044EE92 = {
						CreatedOnToolsVersion = 12.5;
					};
					965238E22654E3910044EE92 = {
						CreatedOnToolsVersion = 12.5;
						TestTargetID = 965238C92654E3900044EE92;
					};
					965238ED2654E3910044EE92 = {
						CreatedOnToolsVersion = 12.5;
						TestTargetID = 965238C92654E3900044EE92;
					};
				};
			};
			buildConfigurationList = 965238C52654E3900044EE92 /* Build configuration list for PBXProject "tesseractOCR" */;
			compatibilityVersion = "Xcode 9.3";
			developmentRegion = en;
			hasScannedForEncodings = 0;
			knownRegions = (
				en,
				Base,
			);
			mainGroup = 965238C12654E3900044EE92;
			productRefGroup = 965238CB2654E3900044EE92 /* Products */;
			projectDirPath = "";
			projectRoot = "";
			targets = (
				965238C92654E3900044EE92 /* tesseractOCR */,
				965238E22654E3910044EE92 /* tesseractOCRTests */,
				965238ED2654E3910044EE92 /* tesseractOCRUITests */,
			);
		};
/* End PBXProject section */

/* Begin PBXResourcesBuildPhase section */
		965238C82654E3900044EE92 /* Resources */ = {
			isa = PBXResourcesBuildPhase;
			buildActionMask = 2147483647;
			files = (
				965238DD2654E3910044EE92 /* LaunchScreen.storyboard in Resources */,
				960BFEED2654F76E00754505 /* tessdata in Resources */,
				965238DA2654E3910044EE92 /* Assets.xcassets in Resources */,
				965238D52654E3900044EE92 /* Main.storyboard in Resources */,
			);
			runOnlyForDeploymentPostprocessing = 0;
		};
		965238E12654E3910044EE92 /* Resources */ = {
			isa = PBXResourcesBuildPhase;
			buildActionMask = 2147483647;
			files = (
			);
			runOnlyForDeploymentPostprocessing = 0;
		};
		965238EC2654E3910044EE92 /* Resources */ = {
			isa = PBXResourcesBuildPhase;
			buildActionMask = 2147483647;
			files = (
			);
			runOnlyForDeploymentPostprocessing = 0;
		};
/* End PBXResourcesBuildPhase section */

/* Begin PBXShellScriptBuildPhase section */
		0B1F5FE9265B027F598BC2E8 /* [CP] Embed Pods Frameworks */ = {
			isa = PBXShellScriptBuildPhase;
			buildActionMask = 2147483647;
			files = (
			);
			inputFileListPaths = (
				"${PODS_ROOT}/Target Support Files/Pods-tesseractOCR/Pods-tesseractOCR-frameworks-${CONFIGURATION}-input-files.xcfilelist",
			);
			name = "[CP] Embed Pods Frameworks";
			outputFileListPaths = (
				"${PODS_ROOT}/Target Support Files/Pods-tesseractOCR/Pods-tesseractOCR-frameworks-${CONFIGURATION}-output-files.xcfilelist",
			);
			runOnlyForDeploymentPostprocessing = 0;
			shellPath = /bin/sh;
			shellScript = "\"${PODS_ROOT}/Target Support Files/Pods-tesseractOCR/Pods-tesseractOCR-frameworks.sh\"\n";
			showEnvVarsInLog = 0;
		};
		5D333DF5F85C186714F72FE5 /* [CP] Check Pods Manifest.lock */ = {
			isa = PBXShellScriptBuildPhase;
			buildActionMask = 2147483647;
			files = (
			);
			inputFileListPaths = (
			);
			inputPaths = (
				"${PODS_PODFILE_DIR_PATH}/Podfile.lock",
				"${PODS_ROOT}/Manifest.lock",
			);
			name = "[CP] Check Pods Manifest.lock";
			outputFileListPaths = (
			);
			outputPaths = (
				"$(DERIVED_FILE_DIR)/Pods-tesseractOCRTests-checkManifestLockResult.txt",
			);
			runOnlyForDeploymentPostprocessing = 0;
			shellPath = /bin/sh;
			shellScript = "diff \"${PODS_PODFILE_DIR_PATH}/Podfile.lock\" \"${PODS_ROOT}/Manifest.lock\" > /dev/null\nif [ $? != 0 ] ; then\n    # print error to STDERR\n    echo \"error: The sandbox is not in sync with the Podfile.lock. Run 'pod install' or update your CocoaPods installation.\" >&2\n    exit 1\nfi\n# This output is used by Xcode 'outputs' to avoid re-running this script phase.\necho \"SUCCESS\" > \"${SCRIPT_OUTPUT_FILE_0}\"\n";
			showEnvVarsInLog = 0;
		};
		A1690966C524E8B0625C47A1 /* [CP] Embed Pods Frameworks */ = {
			isa = PBXShellScriptBuildPhase;
			buildActionMask = 2147483647;
			files = (
			);
			inputFileListPaths = (
				"${PODS_ROOT}/Target Support Files/Pods-tesseractOCR-tesseractOCRUITests/Pods-tesseractOCR-tesseractOCRUITests-frameworks-${CONFIGURATION}-input-files.xcfilelist",
			);
			name = "[CP] Embed Pods Frameworks";
			outputFileListPaths = (
				"${PODS_ROOT}/Target Support Files/Pods-tesseractOCR-tesseractOCRUITests/Pods-tesseractOCR-tesseractOCRUITests-frameworks-${CONFIGURATION}-output-files.xcfilelist",
			);
			runOnlyForDeploymentPostprocessing = 0;
			shellPath = /bin/sh;
			shellScript = "\"${PODS_ROOT}/Target Support Files/Pods-tesseractOCR-tesseractOCRUITests/Pods-tesseractOCR-tesseractOCRUITests-frameworks.sh\"\n";
			showEnvVarsInLog = 0;
		};
		BFBA8289E32718CE8B358897 /* [CP] Check Pods Manifest.lock */ = {
			isa = PBXShellScriptBuildPhase;
			buildActionMask = 2147483647;
			files = (
			);
			inputFileListPaths = (
			);
			inputPaths = (
				"${PODS_PODFILE_DIR_PATH}/Podfile.lock",
				"${PODS_ROOT}/Manifest.lock",
			);
			name = "[CP] Check Pods Manifest.lock";
			outputFileListPaths = (
			);
			outputPaths = (
				"$(DERIVED_FILE_DIR)/Pods-tesseractOCR-checkManifestLockResult.txt",
			);
			runOnlyForDeploymentPostprocessing = 0;
			shellPath = /bin/sh;
			shellScript = "diff \"${PODS_PODFILE_DIR_PATH}/Podfile.lock\" \"${PODS_ROOT}/Manifest.lock\" > /dev/null\nif [ $? != 0 ] ; then\n    # print error to STDERR\n    echo \"error: The sandbox is not in sync with the Podfile.lock. Run 'pod install' or update your CocoaPods installation.\" >&2\n    exit 1\nfi\n# This output is used by Xcode 'outputs' to avoid re-running this script phase.\necho \"SUCCESS\" > \"${SCRIPT_OUTPUT_FILE_0}\"\n";
			showEnvVarsInLog = 0;
		};
		FC3A50C265C0DB4E9A1A50E8 /* [CP] Check Pods Manifest.lock */ = {
			isa = PBXShellScriptBuildPhase;
			buildActionMask = 2147483647;
			files = (
			);
			inputFileListPaths = (
			);
			inputPaths = (
				"${PODS_PODFILE_DIR_PATH}/Podfile.lock",
				"${PODS_ROOT}/Manifest.lock",
			);
			name = "[CP] Check Pods Manifest.lock";
			outputFileListPaths = (
			);
			outputPaths = (
				"$(DERIVED_FILE_DIR)/Pods-tesseractOCR-tesseractOCRUITests-checkManifestLockResult.txt",
			);
			runOnlyForDeploymentPostprocessing = 0;
			shellPath = /bin/sh;
			shellScript = "diff \"${PODS_PODFILE_DIR_PATH}/Podfile.lock\" \"${PODS_ROOT}/Manifest.lock\" > /dev/null\nif [ $? != 0 ] ; then\n    # print error to STDERR\n    echo \"error: The sandbox is not in sync with the Podfile.lock. Run 'pod install' or update your CocoaPods installation.\" >&2\n    exit 1\nfi\n# This output is used by Xcode 'outputs' to avoid re-running this script phase.\necho \"SUCCESS\" > \"${SCRIPT_OUTPUT_FILE_0}\"\n";
			showEnvVarsInLog = 0;
		};
/* End PBXShellScriptBuildPhase section */

/* Begin PBXSourcesBuildPhase section */
		965238C62654E3900044EE92 /* Sources */ = {
			isa = PBXSourcesBuildPhase;
			buildActionMask = 2147483647;
			files = (
				965238D22654E3900044EE92 /* ViewController.swift in Sources */,
				965238CE2654E3900044EE92 /* AppDelegate.swift in Sources */,
				965239012654E9B00044EE92 /* OCRaction.swift in Sources */,
				965238D02654E3900044EE92 /* SceneDelegate.swift in Sources */,
				965238D82654E3900044EE92 /* tesseractOCR.xcdatamodeld in Sources */,
			);
			runOnlyForDeploymentPostprocessing = 0;
		};
		965238DF2654E3910044EE92 /* Sources */ = {
			isa = PBXSourcesBuildPhase;
			buildActionMask = 2147483647;
			files = (
				965238E82654E3910044EE92 /* tesseractOCRTests.swift in Sources */,
			);
			runOnlyForDeploymentPostprocessing = 0;
		};
		965238EA2654E3910044EE92 /* Sources */ = {
			isa = PBXSourcesBuildPhase;
			buildActionMask = 2147483647;
			files = (
				965238F32654E3910044EE92 /* tesseractOCRUITests.swift in Sources */,
			);
			runOnlyForDeploymentPostprocessing = 0;
		};
/* End PBXSourcesBuildPhase section */

/* Begin PBXTargetDependency section */
		965238E52654E3910044EE92 /* PBXTargetDependency */ = {
			isa = PBXTargetDependency;
			target = 965238C92654E3900044EE92 /* tesseractOCR */;
			targetProxy = 965238E42654E3910044EE92 /* PBXContainerItemProxy */;
		};
		965238F02654E3910044EE92 /* PBXTargetDependency */ = {
			isa = PBXTargetDependency;
			target = 965238C92654E3900044EE92 /* tesseractOCR */;
			targetProxy = 965238EF2654E3910044EE92 /* PBXContainerItemProxy */;
		};
/* End PBXTargetDependency section */

/* Begin PBXVariantGroup section */
		965238D32654E3900044EE92 /* Main.storyboard */ = {
			isa = PBXVariantGroup;
			children = (
				965238D42654E3900044EE92 /* Base */,
			);
			name = Main.storyboard;
			sourceTree = "<group>";
		};
		965238DB2654E3910044EE92 /* LaunchScreen.storyboard */ = {
			isa = PBXVariantGroup;
			children = (
				965238DC2654E3910044EE92 /* Base */,
			);
			name = LaunchScreen.storyboard;
			sourceTree = "<group>";
		};
/* End PBXVariantGroup section */

/* Begin XCBuildConfiguration section */
		965238F52654E3910044EE92 /* Debug */ = {
			isa = XCBuildConfiguration;
			buildSettings = {
				ALWAYS_SEARCH_USER_PATHS = NO;
				CLANG_ANALYZER_NONNULL = YES;
				CLANG_ANALYZER_NUMBER_OBJECT_CONVERSION = YES_AGGRESSIVE;
				CLANG_CXX_LANGUAGE_STANDARD = "gnu++14";
				CLANG_CXX_LIBRARY = "libc++";
				CLANG_ENABLE_MODULES = YES;
				CLANG_ENABLE_OBJC_ARC = YES;
				CLANG_ENABLE_OBJC_WEAK = YES;
				CLANG_WARN_BLOCK_CAPTURE_AUTORELEASING = YES;
				CLANG_WARN_BOOL_CONVERSION = YES;
				CLANG_WARN_COMMA = YES;
				CLANG_WARN_CONSTANT_CONVERSION = YES;
				CLANG_WARN_DEPRECATED_OBJC_IMPLEMENTATIONS = YES;
				CLANG_WARN_DIRECT_OBJC_ISA_USAGE = YES_ERROR;
				CLANG_WARN_DOCUMENTATION_COMMENTS = YES;
				CLANG_WARN_EMPTY_BODY = YES;
				CLANG_WARN_ENUM_CONVERSION = YES;
				CLANG_WARN_INFINITE_RECURSION = YES;
				CLANG_WARN_INT_CONVERSION = YES;
				CLANG_WARN_NON_LITERAL_NULL_CONVERSION = YES;
				CLANG_WARN_OBJC_IMPLICIT_RETAIN_SELF = YES;
				CLANG_WARN_OBJC_LITERAL_CONVERSION = YES;
				CLANG_WARN_OBJC_ROOT_CLASS = YES_ERROR;
				CLANG_WARN_QUOTED_INCLUDE_IN_FRAMEWORK_HEADER = YES;
				CLANG_WARN_RANGE_LOOP_ANALYSIS = YES;
				CLANG_WARN_STRICT_PROTOTYPES = YES;
				CLANG_WARN_SUSPICIOUS_MOVE = YES;
				CLANG_WARN_UNGUARDED_AVAILABILITY = YES_AGGRESSIVE;
				CLANG_WARN_UNREACHABLE_CODE = YES;
				CLANG_WARN__DUPLICATE_METHOD_MATCH = YES;
				COPY_PHASE_STRIP = NO;
				DEBUG_INFORMATION_FORMAT = dwarf;
				ENABLE_STRICT_OBJC_MSGSEND = YES;
				ENABLE_TESTABILITY = YES;
				GCC_C_LANGUAGE_STANDARD = gnu11;
				GCC_DYNAMIC_NO_PIC = NO;
				GCC_NO_COMMON_BLOCKS = YES;
				GCC_OPTIMIZATION_LEVEL = 0;
				GCC_PREPROCESSOR_DEFINITIONS = (
					"DEBUG=1",
					"$(inherited)",
				);
				GCC_WARN_64_TO_32_BIT_CONVERSION = YES;
				GCC_WARN_ABOUT_RETURN_TYPE = YES_ERROR;
				GCC_WARN_UNDECLARED_SELECTOR = YES;
				GCC_WARN_UNINITIALIZED_AUTOS = YES_AGGRESSIVE;
				GCC_WARN_UNUSED_FUNCTION = YES;
				GCC_WARN_UNUSED_VARIABLE = YES;
				IPHONEOS_DEPLOYMENT_TARGET = 13.6;
				MTL_ENABLE_DEBUG_INFO = INCLUDE_SOURCE;
				MTL_FAST_MATH = YES;
				ONLY_ACTIVE_ARCH = YES;
				SDKROOT = iphoneos;
				SWIFT_ACTIVE_COMPILATION_CONDITIONS = DEBUG;
				SWIFT_OPTIMIZATION_LEVEL = "-Onone";
				SWIFT_VERSION = "";
				TARGETED_DEVICE_FAMILY = 2;
			};
			name = Debug;
		};
		965238F62654E3910044EE92 /* Release */ = {
			isa = XCBuildConfiguration;
			buildSettings = {
				ALWAYS_SEARCH_USER_PATHS = NO;
				CLANG_ANALYZER_NONNULL = YES;
				CLANG_ANALYZER_NUMBER_OBJECT_CONVERSION = YES_AGGRESSIVE;
				CLANG_CXX_LANGUAGE_STANDARD = "gnu++14";
				CLANG_CXX_LIBRARY = "libc++";
				CLANG_ENABLE_MODULES = YES;
				CLANG_ENABLE_OBJC_ARC = YES;
				CLANG_ENABLE_OBJC_WEAK = YES;
				CLANG_WARN_BLOCK_CAPTURE_AUTORELEASING = YES;
				CLANG_WARN_BOOL_CONVERSION = YES;
				CLANG_WARN_COMMA = YES;
				CLANG_WARN_CONSTANT_CONVERSION = YES;
				CLANG_WARN_DEPRECATED_OBJC_IMPLEMENTATIONS = YES;
				CLANG_WARN_DIRECT_OBJC_ISA_USAGE = YES_ERROR;
				CLANG_WARN_DOCUMENTATION_COMMENTS = YES;
				CLANG_WARN_EMPTY_BODY = YES;
				CLANG_WARN_ENUM_CONVERSION = YES;
				CLANG_WARN_INFINITE_RECURSION = YES;
				CLANG_WARN_INT_CONVERSION = YES;
				CLANG_WARN_NON_LITERAL_NULL_CONVERSION = YES;
				CLANG_WARN_OBJC_IMPLICIT_RETAIN_SELF = YES;
				CLANG_WARN_OBJC_LITERAL_CONVERSION = YES;
				CLANG_WARN_OBJC_ROOT_CLASS = YES_ERROR;
				CLANG_WARN_QUOTED_INCLUDE_IN_FRAMEWORK_HEADER = YES;
				CLANG_WARN_RANGE_LOOP_ANALYSIS = YES;
				CLANG_WARN_STRICT_PROTOTYPES = YES;
				CLANG_WARN_SUSPICIOUS_MOVE = YES;
				CLANG_WARN_UNGUARDED_AVAILABILITY = YES_AGGRESSIVE;
				CLANG_WARN_UNREACHABLE_CODE = YES;
				CLANG_WARN__DUPLICATE_METHOD_MATCH = YES;
				COPY_PHASE_STRIP = NO;
				DEBUG_INFORMATION_FORMAT = "dwarf-with-dsym";
				ENABLE_NS_ASSERTIONS = NO;
				ENABLE_STRICT_OBJC_MSGSEND = YES;
				GCC_C_LANGUAGE_STANDARD = gnu11;
				GCC_NO_COMMON_BLOCKS = YES;
				GCC_WARN_64_TO_32_BIT_CONVERSION = YES;
				GCC_WARN_ABOUT_RETURN_TYPE = YES_ERROR;
				GCC_WARN_UNDECLARED_SELECTOR = YES;
				GCC_WARN_UNINITIALIZED_AUTOS = YES_AGGRESSIVE;
				GCC_WARN_UNUSED_FUNCTION = YES;
				GCC_WARN_UNUSED_VARIABLE = YES;
				IPHONEOS_DEPLOYMENT_TARGET = 13.6;
				MTL_ENABLE_DEBUG_INFO = NO;
				MTL_FAST_MATH = YES;
				SDKROOT = iphoneos;
				SWIFT_COMPILATION_MODE = wholemodule;
				SWIFT_OPTIMIZATION_LEVEL = "-O";
				SWIFT_VERSION = "";
				TARGETED_DEVICE_FAMILY = 2;
				VALIDATE_PRODUCT = YES;
			};
			name = Release;
		};
		965238F82654E3910044EE92 /* Debug */ = {
			isa = XCBuildConfiguration;
			baseConfigurationReference = 746461F6F09534B407D00DB9 /* Pods-tesseractOCR.debug.xcconfig */;
			buildSettings = {
				ASSETCATALOG_COMPILER_APPICON_NAME = AppIcon;
				ASSETCATALOG_COMPILER_GLOBAL_ACCENT_COLOR_NAME = AccentColor;
				CODE_SIGN_STYLE = Automatic;
				DEVELOPMENT_TEAM = JUMUU537CP;
				INFOPLIST_FILE = tesseractOCR/Info.plist;
				IPHONEOS_DEPLOYMENT_TARGET = 13.6;
				LD_RUNPATH_SEARCH_PATHS = (
					"$(inherited)",
					"@executable_path/Frameworks",
				);
				PRODUCT_BUNDLE_IDENTIFIER = jaesung.park.tesseractOCR;
				PRODUCT_NAME = "$(TARGET_NAME)";
				SWIFT_VERSION = 5.0;
				TARGETED_DEVICE_FAMILY = 2;
			};
			name = Debug;
		};
		965238F92654E3910044EE92 /* Release */ = {
			isa = XCBuildConfiguration;
			baseConfigurationReference = 369EA8FEADBF40FF4E8581C3 /* Pods-tesseractOCR.release.xcconfig */;
			buildSettings = {
				ASSETCATALOG_COMPILER_APPICON_NAME = AppIcon;
				ASSETCATALOG_COMPILER_GLOBAL_ACCENT_COLOR_NAME = AccentColor;
				CODE_SIGN_STYLE = Automatic;
				DEVELOPMENT_TEAM = JUMUU537CP;
				INFOPLIST_FILE = tesseractOCR/Info.plist;
				IPHONEOS_DEPLOYMENT_TARGET = 13.6;
				LD_RUNPATH_SEARCH_PATHS = (
					"$(inherited)",
					"@executable_path/Frameworks",
				);
				PRODUCT_BUNDLE_IDENTIFIER = jaesung.park.tesseractOCR;
				PRODUCT_NAME = "$(TARGET_NAME)";
				SWIFT_VERSION = 5.0;
				TARGETED_DEVICE_FAMILY = 2;
			};
			name = Release;
		};
		965238FB2654E3910044EE92 /* Debug */ = {
			isa = XCBuildConfiguration;
			baseConfigurationReference = 53BEE5FBDBC4858B93364C3C /* Pods-tesseractOCRTests.debug.xcconfig */;
			buildSettings = {
				ALWAYS_EMBED_SWIFT_STANDARD_LIBRARIES = YES;
				BUNDLE_LOADER = "$(TEST_HOST)";
				CODE_SIGN_STYLE = Automatic;
				DEVELOPMENT_TEAM = JUMUU537CP;
				INFOPLIST_FILE = tesseractOCRTests/Info.plist;
				IPHONEOS_DEPLOYMENT_TARGET = 13.6;
				LD_RUNPATH_SEARCH_PATHS = (
					"$(inherited)",
					"@executable_path/Frameworks",
					"@loader_path/Frameworks",
				);
				PRODUCT_BUNDLE_IDENTIFIER = jaesung.park.tesseractOCRTests;
				PRODUCT_NAME = "$(TARGET_NAME)";
				SWIFT_VERSION = 5.0;
				TARGETED_DEVICE_FAMILY = "1,2";
				TEST_HOST = "$(BUILT_PRODUCTS_DIR)/tesseractOCR.app/tesseractOCR";
			};
			name = Debug;
		};
		965238FC2654E3910044EE92 /* Release */ = {
			isa = XCBuildConfiguration;
			baseConfigurationReference = 072ACC0744BE6A88394316F4 /* Pods-tesseractOCRTests.release.xcconfig */;
			buildSettings = {
				ALWAYS_EMBED_SWIFT_STANDARD_LIBRARIES = YES;
				BUNDLE_LOADER = "$(TEST_HOST)";
				CODE_SIGN_STYLE = Automatic;
				DEVELOPMENT_TEAM = JUMUU537CP;
				INFOPLIST_FILE = tesseractOCRTests/Info.plist;
				IPHONEOS_DEPLOYMENT_TARGET = 13.6;
				LD_RUNPATH_SEARCH_PATHS = (
					"$(inherited)",
					"@executable_path/Frameworks",
					"@loader_path/Frameworks",
				);
				PRODUCT_BUNDLE_IDENTIFIER = jaesung.park.tesseractOCRTests;
				PRODUCT_NAME = "$(TARGET_NAME)";
				SWIFT_VERSION = 5.0;
				TARGETED_DEVICE_FAMILY = "1,2";
				TEST_HOST = "$(BUILT_PRODUCTS_DIR)/tesseractOCR.app/tesseractOCR";
			};
			name = Release;
		};
		965238FE2654E3910044EE92 /* Debug */ = {
			isa = XCBuildConfiguration;
			baseConfigurationReference = 3E8852A7C80A0E36E8708A7D /* Pods-tesseractOCR-tesseractOCRUITests.debug.xcconfig */;
			buildSettings = {
				ALWAYS_EMBED_SWIFT_STANDARD_LIBRARIES = YES;
				CODE_SIGN_STYLE = Automatic;
				DEVELOPMENT_TEAM = JUMUU537CP;
				INFOPLIST_FILE = tesseractOCRUITests/Info.plist;
				LD_RUNPATH_SEARCH_PATHS = (
					"$(inherited)",
					"@executable_path/Frameworks",
					"@loader_path/Frameworks",
				);
				PRODUCT_BUNDLE_IDENTIFIER = jaesung.park.tesseractOCRUITests;
				PRODUCT_NAME = "$(TARGET_NAME)";
				SWIFT_VERSION = 5.0;
				TARGETED_DEVICE_FAMILY = "1,2";
				TEST_TARGET_NAME = tesseractOCR;
			};
			name = Debug;
		};
		965238FF2654E3910044EE92 /* Release */ = {
			isa = XCBuildConfiguration;
			baseConfigurationReference = E140E73CAA81481DFF35ED52 /* Pods-tesseractOCR-tesseractOCRUITests.release.xcconfig */;
			buildSettings = {
				ALWAYS_EMBED_SWIFT_STANDARD_LIBRARIES = YES;
				CODE_SIGN_STYLE = Automatic;
				DEVELOPMENT_TEAM = JUMUU537CP;
				INFOPLIST_FILE = tesseractOCRUITests/Info.plist;
				LD_RUNPATH_SEARCH_PATHS = (
					"$(inherited)",
					"@executable_path/Frameworks",
					"@loader_path/Frameworks",
				);
				PRODUCT_BUNDLE_IDENTIFIER = jaesung.park.tesseractOCRUITests;
				PRODUCT_NAME = "$(TARGET_NAME)";
				SWIFT_VERSION = 5.0;
				TARGETED_DEVICE_FAMILY = "1,2";
				TEST_TARGET_NAME = tesseractOCR;
			};
			name = Release;
		};
/* End XCBuildConfiguration section */

/* Begin XCConfigurationList section */
		965238C52654E3900044EE92 /* Build configuration list for PBXProject "tesseractOCR" */ = {
			isa = XCConfigurationList;
			buildConfigurations = (
				965238F52654E3910044EE92 /* Debug */,
				965238F62654E3910044EE92 /* Release */,
			);
			defaultConfigurationIsVisible = 0;
			defaultConfigurationName = Release;
		};
		965238F72654E3910044EE92 /* Build configuration list for PBXNativeTarget "tesseractOCR" */ = {
			isa = XCConfigurationList;
			buildConfigurations = (
				965238F82654E3910044EE92 /* Debug */,
				965238F92654E3910044EE92 /* Release */,
			);
			defaultConfigurationIsVisible = 0;
			defaultConfigurationName = Release;
		};
		965238FA2654E3910044EE92 /* Build configuration list for PBXNativeTarget "tesseractOCRTests" */ = {
			isa = XCConfigurationList;
			buildConfigurations = (
				965238FB2654E3910044EE92 /* Debug */,
				965238FC2654E3910044EE92 /* Release */,
			);
			defaultConfigurationIsVisible = 0;
			defaultConfigurationName = Release;
		};
		965238FD2654E3910044EE92 /* Build configuration list for PBXNativeTarget "tesseractOCRUITests" */ = {
			isa = XCConfigurationList;
			buildConfigurations = (
				965238FE2654E3910044EE92 /* Debug */,
				965238FF2654E3910044EE92 /* Release */,
			);
			defaultConfigurationIsVisible = 0;
			defaultConfigurationName = Release;
		};
/* End XCConfigurationList section */

/* Begin XCVersionGroup section */
		965238D62654E3900044EE92 /* tesseractOCR.xcdatamodeld */ = {
			isa = XCVersionGroup;
			children = (
				965238D72654E3900044EE92 /* tesseractOCR.xcdatamodel */,
			);
			currentVersion = 965238D72654E3900044EE92 /* tesseractOCR.xcdatamodel */;
			path = tesseractOCR.xcdatamodeld;
			sourceTree = "<group>";
			versionGroupType = wrapper.xcdatamodel;
		};
/* End XCVersionGroup section */
	};
	rootObject = 965238C22654E3900044EE92 /* Project object */;
}
